
Microsoft Visual Studio Solution File, Format Version 12.00
# Visual Studio Version 17
VisualStudioVersion = 17.11.35222.181
MinimumVisualStudioVersion = 10.0.40219.1
Project("{8BC9CEB8-8B4A-11D0-8D11-00A0C91BC942}") = "BHBProject", "BHBProject\BHBProject.vcxproj", "{B429A7D6-C8B5-48D2-8AC1-46394545FB7D}"
EndProject
Project("{2150E333-8FDC-42A3-9474-1A3956D46DE8}") = "C++", "C++", "{0B0C880D-F86B-4981-BA70-0033F9118617}"
EndProject
Project("{8BC9CEB8-8B4A-11D0-8D11-00A0C91BC942}") = "Project1", "Project1\Project1.vcxproj", "{DB5959E5-F800-41C6-9EA4-93463AD932EC}"
EndProject
Project("{2150E333-8FDC-42A3-9474-1A3956D46DE8}") = "MyPractice", "MyPractice", "{8F868263-FFF8-41ED-B9AD-B67C8CD354CE}"
EndProject
Project("{8BC9CEB8-8B4A-11D0-8D11-00A0C91BC942}") = "Practice1", "Practice1\Practice1.vcxproj", "{850A7DFF-7AD8-4331-8FC1-2A51B76526F7}"
EndProject
Project("{8BC9CEB8-8B4A-11D0-8D11-00A0C91BC942}") = "Practice2", "Practice2\Practice2.vcxproj", "{FF82D08D-5D07-4736-9297-047D76861C79}"
EndProject
Project("{2150E333-8FDC-42A3-9474-1A3956D46DE8}") = "MyAlgorithm", "MyAlgorithm", "{63A2D192-E84C-4C62-B703-F97A849CB1C9}"
EndProject
Project("{8BC9CEB8-8B4A-11D0-8D11-00A0C91BC942}") = "InsertionSort", "Algorithm1\Algorithm1.vcxproj", "{237B87BA-60B7-4C55-8FFF-A6BA8225EAF1}"
EndProject
Project("{2150E333-8FDC-42A3-9474-1A3956D46DE8}") = "CLang", "CLang", "{521A7DFE-2986-4420-B75F-52D576E10704}"
EndProject
Project("{8BC9CEB8-8B4A-11D0-8D11-00A0C91BC942}") = "1", "Practice\Practice.vcxproj", "{D97BE557-2A70-4DD5-9F8E-F3955B97AB06}"
EndProject
Project("{8BC9CEB8-8B4A-11D0-8D11-00A0C91BC942}") = "2", "2\2.vcxproj", "{F39DA296-9533-4C62-A115-053CDEC60B64}"
EndProject
Project("{8BC9CEB8-8B4A-11D0-8D11-00A0C91BC942}") = "QuickSort", "QuickSort\QuickSort.vcxproj", "{85529E18-E0C0-4F3C-B4C5-BF6648364AF0}"
EndProject
Project("{8BC9CEB8-8B4A-11D0-8D11-00A0C91BC942}") = "HeapSort", "HeapSort\HeapSort.vcxproj", "{3091929E-7B57-447C-83A9-430ADCE2EF0D}"
EndProject
Project("{8BC9CEB8-8B4A-11D0-8D11-00A0C91BC942}") = "3", "3\3.vcxproj", "{CF635F1C-2A65-473C-96FD-98566D388E67}"
EndProject
Project("{8BC9CEB8-8B4A-11D0-8D11-00A0C91BC942}") = "GradeManager", "GradeManager\GradeManager.vcxproj", "{A9B785C6-1AFF-4745-B503-49F19B4A0AD1}"
EndProject
Project("{8BC9CEB8-8B4A-11D0-8D11-00A0C91BC942}") = "ForProfessional", "ForProfessional\ForProfessional.vcxproj", "{F160A648-B8E4-4C78-8366-B644FB877BF7}"
EndProject
Project("{8BC9CEB8-8B4A-11D0-8D11-00A0C91BC942}") = "옵저버패턴", "TestProject\TestProject.vcxproj", "{E4538ECD-6B0C-42FC-8EAA-9487622D1680}"
EndProject
Project("{8BC9CEB8-8B4A-11D0-8D11-00A0C91BC942}") = "TemplateList", "TemplateList\TemplateList.vcxproj", "{5540878C-8084-4814-A982-5839936A4E7E}"
EndProject
Project("{8BC9CEB8-8B4A-11D0-8D11-00A0C91BC942}") = "전략패턴", "DP\DP.vcxproj", "{B7BE0A4B-ADD9-491F-BF7A-F4A794981C45}"
EndProject
Project("{8BC9CEB8-8B4A-11D0-8D11-00A0C91BC942}") = "Algorithm", "Algorithm\Algorithm.vcxproj", "{0AB74B37-20A5-4A7C-BDF6-7790C03D4FD7}"
EndProject
Project("{2150E333-8FDC-42A3-9474-1A3956D46DE8}") = "DP", "DP", "{A61D38E2-2881-471B-A5DE-410C870A9366}"
EndProject
Project("{8BC9CEB8-8B4A-11D0-8D11-00A0C91BC942}") = "데코레이터 패턴", "데코레이터 패턴\데코레이터 패턴.vcxproj", "{04DD9EA9-860F-4414-8F7A-33F9B27128D4}"
EndProject
Project("{2150E333-8FDC-42A3-9474-1A3956D46DE8}") = "WindowProgarmming", "WindowProgarmming", "{3C118E66-F41D-4ED1-AA65-E5E00BCE1135}"
EndProject
Project("{8BC9CEB8-8B4A-11D0-8D11-00A0C91BC942}") = "WindowProject1", "WIndowProject1\WIndowProject1.vcxproj", "{76781D7A-51CD-4BDB-B9B3-995D590CE246}"
EndProject
Project("{8BC9CEB8-8B4A-11D0-8D11-00A0C91BC942}") = "ForProfessional2", "ForProfessional2\ForProfessional2.vcxproj", "{89BC96B6-52AF-458D-8958-C6C195BABD3C}"
EndProject
Project("{2150E333-8FDC-42A3-9474-1A3956D46DE8}") = "windowAPI", "windowAPI", "{C2E23973-D458-4AF5-8EDE-ED228A295995}"
EndProject
Project("{8BC9CEB8-8B4A-11D0-8D11-00A0C91BC942}") = "WindowAPI1", "WindowAPI1\WindowAPI1.vcxproj", "{AF4FBEA9-F473-4ED8-AC35-D290B575A3C7}"
EndProject
Project("{8BC9CEB8-8B4A-11D0-8D11-00A0C91BC942}") = "팩토리 패턴", "팩토리 패턴\팩토리 패턴.vcxproj", "{BDFB6877-2C06-4422-81F0-F997AEB1B6ED}"
EndProject
Project("{2150E333-8FDC-42A3-9474-1A3956D46DE8}") = "Socket", "Socket", "{6B74DA15-6DA6-4CAF-8B86-AC2E63EAA012}"
EndProject
Project("{8BC9CEB8-8B4A-11D0-8D11-00A0C91BC942}") = "net_client", "net_client\net_client.vcxproj", "{96C8B867-1502-4D69-9549-B328E66C76F5}"
EndProject
Project("{8BC9CEB8-8B4A-11D0-8D11-00A0C91BC942}") = "net_server", "net_server\net_server.vcxproj", "{21F35B15-DAEF-4957-A816-35E4301E3EEB}"
EndProject
Project("{2150E333-8FDC-42A3-9474-1A3956D46DE8}") = "yoon socket", "yoon socket", "{D246570D-EB72-421F-B9AC-C7BE813A692D}"
EndProject
Project("{8BC9CEB8-8B4A-11D0-8D11-00A0C91BC942}") = "client_01", "client_01\client_01.vcxproj", "{5258E82E-E112-44F3-94D6-D2232E3DDB38}"
EndProject
Project("{8BC9CEB8-8B4A-11D0-8D11-00A0C91BC942}") = "server_01", "server_01\server_01.vcxproj", "{262C2DE5-3519-4146-A4C1-645197A0799D}"
EndProject
Project("{2150E333-8FDC-42A3-9474-1A3956D46DE8}") = "ex1", "ex1", "{7AFE0A28-D459-4B19-8323-0F268FE468BD}"
EndProject
Project("{8BC9CEB8-8B4A-11D0-8D11-00A0C91BC942}") = "net_client2", "net_client2\net_client2.vcxproj", "{6DE43353-C138-4461-AFC3-E399F42DC3D2}"
EndProject
Project("{8BC9CEB8-8B4A-11D0-8D11-00A0C91BC942}") = "net_server2", "net_server2\net_server2.vcxproj", "{87F7EAA9-502F-4393-94D6-DCD8E47AF767}"
EndProject
Project("{8BC9CEB8-8B4A-11D0-8D11-00A0C91BC942}") = "커맨드패턴", "커맨트패턴\커맨트패턴.vcxproj", "{F0533929-E1AE-4B47-B0C9-A31F63B53F2D}"
EndProject
Project("{2150E333-8FDC-42A3-9474-1A3956D46DE8}") = "ex2", "ex2", "{68490D71-5624-49AE-B9B8-962636167A45}"
EndProject
Project("{8BC9CEB8-8B4A-11D0-8D11-00A0C91BC942}") = "server", "server\server.vcxproj", "{D4D9CBB7-737F-45EA-91AF-FBCDEC402929}"
EndProject
Project("{8BC9CEB8-8B4A-11D0-8D11-00A0C91BC942}") = "net_client3", "met_client3\met_client3.vcxproj", "{41AF6C87-948B-4EB1-B09B-6B1C8F39ABF4}"
EndProject
Project("{8BC9CEB8-8B4A-11D0-8D11-00A0C91BC942}") = "net_server3", "net_setver3\net_setver3.vcxproj", "{41944A27-BB67-4001-B41E-8BBAE79BC893}"
EndProject
Project("{8BC9CEB8-8B4A-11D0-8D11-00A0C91BC942}") = "dns", "dns\dns.vcxproj", "{9BE6902B-A204-42D2-BED4-B535D7D952A8}"
EndProject
Project("{8BC9CEB8-8B4A-11D0-8D11-00A0C91BC942}") = "SetSocket", "SetSocket\SetSocket.vcxproj", "{B368869F-96FD-4EC3-A35C-1C0C40EE6CCD}"
EndProject
Project("{8BC9CEB8-8B4A-11D0-8D11-00A0C91BC942}") = "TimeWaitClient", "TimeWaitClient\TimeWaitClient.vcxproj", "{BDAFDA78-B032-4F0D-8359-9D21A018F4DD}"
EndProject
Project("{8BC9CEB8-8B4A-11D0-8D11-00A0C91BC942}") = "TimeWaitServ", "TimeWaitServ\TimeWaitServ.vcxproj", "{D0C12252-B7DB-40BA-9A2E-CABA37FD22B3}"
EndProject
Project("{8BC9CEB8-8B4A-11D0-8D11-00A0C91BC942}") = "AsyncIO", "AsyncIO\AsyncIO.vcxproj", "{F155BB33-9705-4F40-A8FB-322E29EE4421}"
EndProject
Project("{8BC9CEB8-8B4A-11D0-8D11-00A0C91BC942}") = "SelectModel", "SelectModel\SelectModel.vcxproj", "{A0FC88BA-F308-451E-8070-BA46D8412CB5}"
EndProject
Project("{2150E333-8FDC-42A3-9474-1A3956D46DE8}") = "System", "System", "{717AF60D-E42E-45B8-B531-B41580369ABF}"
EndProject
Project("{8BC9CEB8-8B4A-11D0-8D11-00A0C91BC942}") = "wmain", "wmain.cpp\wmain.cpp.vcxproj", "{25D45311-F09E-437D-879D-3686D8A2F23D}"
EndProject
Project("{8BC9CEB8-8B4A-11D0-8D11-00A0C91BC942}") = "net_server4", "net_server4\net_server4.vcxproj", "{4600D988-9322-4F35-9047-BFFB46ED9765}"
EndProject
Project("{8BC9CEB8-8B4A-11D0-8D11-00A0C91BC942}") = "net_client4", "net_client4\net_client4.vcxproj", "{01907219-AB87-4760-8DD9-232FAA12E0EF}"
EndProject
Project("{8BC9CEB8-8B4A-11D0-8D11-00A0C91BC942}") = "net_broad_sender", "net_client_broad\net_client_broad.vcxproj", "{83C8E661-3E94-46F4-B031-3D4116F5CD4C}"
EndProject
Project("{8BC9CEB8-8B4A-11D0-8D11-00A0C91BC942}") = "net_broad_receiver", "net_server_broad\net_server_broad.vcxproj", "{635EDA1D-FFB6-46F4-9C47-9F6F226E34F5}"
EndProject
Project("{8BC9CEB8-8B4A-11D0-8D11-00A0C91BC942}") = "ForProfessional3", "ForProfessional3\ForProfessional3.vcxproj", "{F35C4D8E-670E-417B-BF08-8720603F5601}"
EndProject
Project("{8BC9CEB8-8B4A-11D0-8D11-00A0C91BC942}") = "ForProfessional4", "ForProfessional4\ForProfessional4.vcxproj", "{1E738F8E-5869-48D1-9993-4479FB6F350C}"
EndProject
Project("{8BC9CEB8-8B4A-11D0-8D11-00A0C91BC942}") = "net_server5", "net_server6\net_server6.vcxproj", "{F71244F1-A0A8-418E-868C-760A4F5E6419}"
EndProject
Project("{8BC9CEB8-8B4A-11D0-8D11-00A0C91BC942}") = "net_client5", "net_client5\net_client5.vcxproj", "{C5377C98-BAA4-42B3-8F9C-A6400462F9A9}"
EndProject
Project("{8BC9CEB8-8B4A-11D0-8D11-00A0C91BC942}") = "IOCPServ", "IOCPServ\IOCPServ.vcxproj", "{821B67D1-8942-457D-BE2A-FF93F924D09F}"
EndProject
Project("{8BC9CEB8-8B4A-11D0-8D11-00A0C91BC942}") = "IOCPClient", "IOCPClient\IOCPClient.vcxproj", "{4AA84ECE-6B5A-4B3B-A8D1-9FC73E9055E7}"
EndProject
Project("{8BC9CEB8-8B4A-11D0-8D11-00A0C91BC942}") = "컴포지트 패턴", "컴포지트 패턴\컴포지트 패턴.vcxproj", "{BBC9BBC1-A9D6-4048-8E49-1EB649FB1EE5}"
EndProject
Project("{8BC9CEB8-8B4A-11D0-8D11-00A0C91BC942}") = "MemoryAlign", "MemoryAlign\MemoryAlign.vcxproj", "{EAE72D28-573F-41A9-809F-B7F19A52B9BA}"
EndProject
Project("{8BC9CEB8-8B4A-11D0-8D11-00A0C91BC942}") = "ForProfessional5", "ForProfessional5\ForProfessional5.vcxproj", "{BCD32D88-06FF-49BE-A245-8575D3C89B2B}"
EndProject
Project("{8BC9CEB8-8B4A-11D0-8D11-00A0C91BC942}") = "ForProfessional6", "ForProfessional6\ForProfessional6.vcxproj", "{A5FD0E64-2BEB-47B4-8D85-7E4364B4A090}"
EndProject
Project("{8BC9CEB8-8B4A-11D0-8D11-00A0C91BC942}") = "threadProject", "threadProject\threadProject.vcxproj", "{971E5BF7-BC07-43FD-AE5B-0F888918FB77}"
EndProject
Project("{8BC9CEB8-8B4A-11D0-8D11-00A0C91BC942}") = "ForProfessional7", "ForProfessional7\ForProfessional7.vcxproj", "{2FA21190-35AC-4962-A0E1-89C386A4A96A}"
EndProject
Project("{8BC9CEB8-8B4A-11D0-8D11-00A0C91BC942}") = "threadProject2", "threadProject2\threadProject2.vcxproj", "{3174A4F4-40AA-46AE-B23A-7E383410148C}"
EndProject
Project("{8BC9CEB8-8B4A-11D0-8D11-00A0C91BC942}") = "ForProfessional8", "ForProfessional8\ForProfessional8.vcxproj", "{57ECB067-3A4F-4D3B-8AD0-9356CB82525C}"
EndProject
Project("{8BC9CEB8-8B4A-11D0-8D11-00A0C91BC942}") = "ForProfessional9", "ForProfessional9\ForProfessional9.vcxproj", "{75FEF773-27B0-400D-85D1-87645168BB35}"
EndProject
Project("{8BC9CEB8-8B4A-11D0-8D11-00A0C91BC942}") = "ForProfessional10", "ForProfessional10\ForProfessional10.vcxproj", "{9137035F-E7D5-48C4-8AC5-5BDA366681FD}"
EndProject
Project("{8BC9CEB8-8B4A-11D0-8D11-00A0C91BC942}") = "ConditionVariable", "ConditionVariable\ConditionVariable.vcxproj", "{4EB17BE1-CC46-4D5F-8B10-B52153D33128}"
EndProject
Project("{8BC9CEB8-8B4A-11D0-8D11-00A0C91BC942}") = "Logger", "Logger\Logger.vcxproj", "{D41AFC4E-50B9-48C2-B29E-71D65305EC76}"
EndProject
Project("{8BC9CEB8-8B4A-11D0-8D11-00A0C91BC942}") = "UniqueLock", "UniqueLock\UniqueLock.vcxproj", "{87746CFE-836B-4533-980A-A8396F4F22F0}"
EndProject
Project("{8BC9CEB8-8B4A-11D0-8D11-00A0C91BC942}") = "CreateProcess", "CreateProcess\CreateProcess.vcxproj", "{B6B6ADE2-8703-40F3-B564-05DD743BA95B}"
EndProject
Project("{8BC9CEB8-8B4A-11D0-8D11-00A0C91BC942}") = "CreateProcessM", "CreateProcessM\CreateProcessM.vcxproj", "{164C7489-3380-4E14-A5F6-DCFD84282789}"
EndProject
Project("{8BC9CEB8-8B4A-11D0-8D11-00A0C91BC942}") = "bitset", "bitset\bitset.vcxproj", "{16729768-C1E1-45D8-AC85-08E8078E171C}"
EndProject
Project("{8BC9CEB8-8B4A-11D0-8D11-00A0C91BC942}") = "functor", "functor\functor.vcxproj", "{3420131E-94F8-4F9C-B41B-F915AAFED7AC}"
EndProject
Project("{8BC9CEB8-8B4A-11D0-8D11-00A0C91BC942}") = "ForProfessional11", "ForProfessional11\ForProfessional11.vcxproj", "{B66DA8E1-EBCF-400D-AE9B-09BEA8D13DFB}"
EndProject
Project("{8BC9CEB8-8B4A-11D0-8D11-00A0C91BC942}") = "Experiment", "Experiment\Experiment.vcxproj", "{F26E758C-809F-456D-9FCE-99E6E4C8F510}"
EndProject
Project("{8BC9CEB8-8B4A-11D0-8D11-00A0C91BC942}") = "Regex", "Regex\Regex.vcxproj", "{ECC70A39-1E65-4984-B0B9-B1657BCDB32D}"
EndProject
Project("{8BC9CEB8-8B4A-11D0-8D11-00A0C91BC942}") = "KeyObjSHare", "KeyObjSHare\KeyObjSHare.vcxproj", "{AF226A4C-0BB6-44CB-AB8E-ABBCB2AF1846}"
EndProject
Project("{8BC9CEB8-8B4A-11D0-8D11-00A0C91BC942}") = "System1", "System1\System1.vcxproj", "{7D329A77-AEDE-43DA-B5E7-0FB83CEF126C}"
EndProject
Project("{8BC9CEB8-8B4A-11D0-8D11-00A0C91BC942}") = "System2", "System2\System2.vcxproj", "{C9167E6F-1B5E-47A4-BE3A-83F594FFF2F6}"
EndProject
Project("{8BC9CEB8-8B4A-11D0-8D11-00A0C91BC942}") = "ProcessVariable", "ProcessVariable\ProcessVariable.vcxproj", "{4D97772E-0A7D-4FD3-A10F-4800B34CBC73}"
EndProject
Project("{8BC9CEB8-8B4A-11D0-8D11-00A0C91BC942}") = "TestFunc", "TestFunc\TestFunc.vcxproj", "{12A7E520-7C23-4062-8EED-BCFFB4D4DACF}"
EndProject
Project("{8BC9CEB8-8B4A-11D0-8D11-00A0C91BC942}") = "WindowThread", "WindowThread\WindowThread.vcxproj", "{19E157F3-A8C9-449A-A4FF-F00E3D09FC0F}"
EndProject
Project("{2150E333-8FDC-42A3-9474-1A3956D46DE8}") = "formatter", "formatter", "{589A80EE-B073-418F-A16D-141F1FD61391}"
EndProject
Project("{8BC9CEB8-8B4A-11D0-8D11-00A0C91BC942}") = "Format", "Format\Format.vcxproj", "{1A481243-A162-4ED0-A308-0B0AF67E5030}"
EndProject
Project("{8BC9CEB8-8B4A-11D0-8D11-00A0C91BC942}") = "WindowThread2", "WindowThread2\WindowThread2.vcxproj", "{123A4556-137E-42CF-9AB7-BE3FE6A058CB}"
EndProject
Project("{2150E333-8FDC-42A3-9474-1A3956D46DE8}") = "doxygen", "doxygen", "{FF9657C4-63ED-40E1-82B1-898D08CF553D}"
EndProject
Project("{8BC9CEB8-8B4A-11D0-8D11-00A0C91BC942}") = "doxygenEx", "doxygenEx\doxygenEx.vcxproj", "{11F6D853-05FF-44BA-A681-BD0FBEC730D9}"
EndProject
Project("{8BC9CEB8-8B4A-11D0-8D11-00A0C91BC942}") = "WindowMutex", "WindowMutex\WindowMutex.vcxproj", "{B2182B1C-2B91-4A96-AA0E-8EAD742FF34F}"
EndProject
Project("{8BC9CEB8-8B4A-11D0-8D11-00A0C91BC942}") = "WindowMutex2", "WindowMutex2\WindowMutex2.vcxproj", "{40D589BF-3C51-4DAA-8CF5-A8ACB02EECF4}"
EndProject
Project("{8BC9CEB8-8B4A-11D0-8D11-00A0C91BC942}") = "ThreadPool", "ThreadPool\ThreadPool.vcxproj", "{DB2FCDF0-986E-4F08-B714-A42B6E9F7D47}"
EndProject
Project("{8BC9CEB8-8B4A-11D0-8D11-00A0C91BC942}") = "Exception", "Exception\Exception.vcxproj", "{EF21AE04-4A86-42F6-ABAB-19E02B0E9C4F}"
EndProject
Project("{8BC9CEB8-8B4A-11D0-8D11-00A0C91BC942}") = "FileIO", "FileIO\FileIO.vcxproj", "{7971750D-E408-412F-B0D3-EC32620ABADC}"
EndProject
Project("{8BC9CEB8-8B4A-11D0-8D11-00A0C91BC942}") = "DLLTest", "DLLTest\DLLTest.vcxproj", "{882D2E9E-5AE6-4F46-8FCD-073CC19D6CC9}"
EndProject
Project("{8BC9CEB8-8B4A-11D0-8D11-00A0C91BC942}") = "DLLTest2", "DLLTest2\DLLTest2.vcxproj", "{2DB181CF-AA36-4FF1-BB37-1EC13B209837}"
EndProject
Project("{8BC9CEB8-8B4A-11D0-8D11-00A0C91BC942}") = "NamePipeServer", "NamePipeServer\NamePipeServer.vcxproj", "{B3922957-1FB9-44D6-9E60-89A2B207C438}"
EndProject
Project("{8BC9CEB8-8B4A-11D0-8D11-00A0C91BC942}") = "DMathVsGLM", "DMathVsGLM\DMathVsGLM.vcxproj", "{4B39950A-60B8-48E6-95D1-577635827130}"
EndProject
Global
	GlobalSection(SolutionConfigurationPlatforms) = preSolution
		Debug|x64 = Debug|x64
		Debug|x86 = Debug|x86
		Release|x64 = Release|x64
		Release|x86 = Release|x86
	EndGlobalSection
	GlobalSection(ProjectConfigurationPlatforms) = postSolution
		{B429A7D6-C8B5-48D2-8AC1-46394545FB7D}.Debug|x64.ActiveCfg = Debug|x64
		{B429A7D6-C8B5-48D2-8AC1-46394545FB7D}.Debug|x64.Build.0 = Debug|x64
		{B429A7D6-C8B5-48D2-8AC1-46394545FB7D}.Debug|x86.ActiveCfg = Debug|Win32
		{B429A7D6-C8B5-48D2-8AC1-46394545FB7D}.Debug|x86.Build.0 = Debug|Win32
		{B429A7D6-C8B5-48D2-8AC1-46394545FB7D}.Release|x64.ActiveCfg = Release|x64
		{B429A7D6-C8B5-48D2-8AC1-46394545FB7D}.Release|x64.Build.0 = Release|x64
		{B429A7D6-C8B5-48D2-8AC1-46394545FB7D}.Release|x86.ActiveCfg = Release|Win32
		{B429A7D6-C8B5-48D2-8AC1-46394545FB7D}.Release|x86.Build.0 = Release|Win32
		{DB5959E5-F800-41C6-9EA4-93463AD932EC}.Debug|x64.ActiveCfg = Debug|x64
		{DB5959E5-F800-41C6-9EA4-93463AD932EC}.Debug|x64.Build.0 = Debug|x64
		{DB5959E5-F800-41C6-9EA4-93463AD932EC}.Debug|x86.ActiveCfg = Debug|Win32
		{DB5959E5-F800-41C6-9EA4-93463AD932EC}.Debug|x86.Build.0 = Debug|Win32
		{DB5959E5-F800-41C6-9EA4-93463AD932EC}.Release|x64.ActiveCfg = Release|x64
		{DB5959E5-F800-41C6-9EA4-93463AD932EC}.Release|x64.Build.0 = Release|x64
		{DB5959E5-F800-41C6-9EA4-93463AD932EC}.Release|x86.ActiveCfg = Release|Win32
		{DB5959E5-F800-41C6-9EA4-93463AD932EC}.Release|x86.Build.0 = Release|Win32
		{850A7DFF-7AD8-4331-8FC1-2A51B76526F7}.Debug|x64.ActiveCfg = Debug|x64
		{850A7DFF-7AD8-4331-8FC1-2A51B76526F7}.Debug|x64.Build.0 = Debug|x64
		{850A7DFF-7AD8-4331-8FC1-2A51B76526F7}.Debug|x86.ActiveCfg = Debug|Win32
		{850A7DFF-7AD8-4331-8FC1-2A51B76526F7}.Debug|x86.Build.0 = Debug|Win32
		{850A7DFF-7AD8-4331-8FC1-2A51B76526F7}.Release|x64.ActiveCfg = Release|x64
		{850A7DFF-7AD8-4331-8FC1-2A51B76526F7}.Release|x64.Build.0 = Release|x64
		{850A7DFF-7AD8-4331-8FC1-2A51B76526F7}.Release|x86.ActiveCfg = Release|Win32
		{850A7DFF-7AD8-4331-8FC1-2A51B76526F7}.Release|x86.Build.0 = Release|Win32
		{FF82D08D-5D07-4736-9297-047D76861C79}.Debug|x64.ActiveCfg = Debug|x64
		{FF82D08D-5D07-4736-9297-047D76861C79}.Debug|x64.Build.0 = Debug|x64
		{FF82D08D-5D07-4736-9297-047D76861C79}.Debug|x86.ActiveCfg = Debug|Win32
		{FF82D08D-5D07-4736-9297-047D76861C79}.Debug|x86.Build.0 = Debug|Win32
		{FF82D08D-5D07-4736-9297-047D76861C79}.Release|x64.ActiveCfg = Release|x64
		{FF82D08D-5D07-4736-9297-047D76861C79}.Release|x64.Build.0 = Release|x64
		{FF82D08D-5D07-4736-9297-047D76861C79}.Release|x86.ActiveCfg = Release|Win32
		{FF82D08D-5D07-4736-9297-047D76861C79}.Release|x86.Build.0 = Release|Win32
		{237B87BA-60B7-4C55-8FFF-A6BA8225EAF1}.Debug|x64.ActiveCfg = Debug|x64
		{237B87BA-60B7-4C55-8FFF-A6BA8225EAF1}.Debug|x64.Build.0 = Debug|x64
		{237B87BA-60B7-4C55-8FFF-A6BA8225EAF1}.Debug|x86.ActiveCfg = Debug|Win32
		{237B87BA-60B7-4C55-8FFF-A6BA8225EAF1}.Debug|x86.Build.0 = Debug|Win32
		{237B87BA-60B7-4C55-8FFF-A6BA8225EAF1}.Release|x64.ActiveCfg = Release|x64
		{237B87BA-60B7-4C55-8FFF-A6BA8225EAF1}.Release|x64.Build.0 = Release|x64
		{237B87BA-60B7-4C55-8FFF-A6BA8225EAF1}.Release|x86.ActiveCfg = Release|Win32
		{237B87BA-60B7-4C55-8FFF-A6BA8225EAF1}.Release|x86.Build.0 = Release|Win32
		{D97BE557-2A70-4DD5-9F8E-F3955B97AB06}.Debug|x64.ActiveCfg = Debug|x64
		{D97BE557-2A70-4DD5-9F8E-F3955B97AB06}.Debug|x64.Build.0 = Debug|x64
		{D97BE557-2A70-4DD5-9F8E-F3955B97AB06}.Debug|x86.ActiveCfg = Debug|Win32
		{D97BE557-2A70-4DD5-9F8E-F3955B97AB06}.Debug|x86.Build.0 = Debug|Win32
		{D97BE557-2A70-4DD5-9F8E-F3955B97AB06}.Release|x64.ActiveCfg = Release|x64
		{D97BE557-2A70-4DD5-9F8E-F3955B97AB06}.Release|x64.Build.0 = Release|x64
		{D97BE557-2A70-4DD5-9F8E-F3955B97AB06}.Release|x86.ActiveCfg = Release|Win32
		{D97BE557-2A70-4DD5-9F8E-F3955B97AB06}.Release|x86.Build.0 = Release|Win32
		{F39DA296-9533-4C62-A115-053CDEC60B64}.Debug|x64.ActiveCfg = Debug|x64
		{F39DA296-9533-4C62-A115-053CDEC60B64}.Debug|x64.Build.0 = Debug|x64
		{F39DA296-9533-4C62-A115-053CDEC60B64}.Debug|x86.ActiveCfg = Debug|Win32
		{F39DA296-9533-4C62-A115-053CDEC60B64}.Debug|x86.Build.0 = Debug|Win32
		{F39DA296-9533-4C62-A115-053CDEC60B64}.Release|x64.ActiveCfg = Release|x64
		{F39DA296-9533-4C62-A115-053CDEC60B64}.Release|x64.Build.0 = Release|x64
		{F39DA296-9533-4C62-A115-053CDEC60B64}.Release|x86.ActiveCfg = Release|Win32
		{F39DA296-9533-4C62-A115-053CDEC60B64}.Release|x86.Build.0 = Release|Win32
		{85529E18-E0C0-4F3C-B4C5-BF6648364AF0}.Debug|x64.ActiveCfg = Debug|x64
		{85529E18-E0C0-4F3C-B4C5-BF6648364AF0}.Debug|x64.Build.0 = Debug|x64
		{85529E18-E0C0-4F3C-B4C5-BF6648364AF0}.Debug|x86.ActiveCfg = Debug|Win32
		{85529E18-E0C0-4F3C-B4C5-BF6648364AF0}.Debug|x86.Build.0 = Debug|Win32
		{85529E18-E0C0-4F3C-B4C5-BF6648364AF0}.Release|x64.ActiveCfg = Release|x64
		{85529E18-E0C0-4F3C-B4C5-BF6648364AF0}.Release|x64.Build.0 = Release|x64
		{85529E18-E0C0-4F3C-B4C5-BF6648364AF0}.Release|x86.ActiveCfg = Release|Win32
		{85529E18-E0C0-4F3C-B4C5-BF6648364AF0}.Release|x86.Build.0 = Release|Win32
		{3091929E-7B57-447C-83A9-430ADCE2EF0D}.Debug|x64.ActiveCfg = Debug|x64
		{3091929E-7B57-447C-83A9-430ADCE2EF0D}.Debug|x64.Build.0 = Debug|x64
		{3091929E-7B57-447C-83A9-430ADCE2EF0D}.Debug|x86.ActiveCfg = Debug|Win32
		{3091929E-7B57-447C-83A9-430ADCE2EF0D}.Debug|x86.Build.0 = Debug|Win32
		{3091929E-7B57-447C-83A9-430ADCE2EF0D}.Release|x64.ActiveCfg = Release|x64
		{3091929E-7B57-447C-83A9-430ADCE2EF0D}.Release|x64.Build.0 = Release|x64
		{3091929E-7B57-447C-83A9-430ADCE2EF0D}.Release|x86.ActiveCfg = Release|Win32
		{3091929E-7B57-447C-83A9-430ADCE2EF0D}.Release|x86.Build.0 = Release|Win32
		{CF635F1C-2A65-473C-96FD-98566D388E67}.Debug|x64.ActiveCfg = Debug|x64
		{CF635F1C-2A65-473C-96FD-98566D388E67}.Debug|x64.Build.0 = Debug|x64
		{CF635F1C-2A65-473C-96FD-98566D388E67}.Debug|x86.ActiveCfg = Debug|Win32
		{CF635F1C-2A65-473C-96FD-98566D388E67}.Debug|x86.Build.0 = Debug|Win32
		{CF635F1C-2A65-473C-96FD-98566D388E67}.Release|x64.ActiveCfg = Release|x64
		{CF635F1C-2A65-473C-96FD-98566D388E67}.Release|x64.Build.0 = Release|x64
		{CF635F1C-2A65-473C-96FD-98566D388E67}.Release|x86.ActiveCfg = Release|Win32
		{CF635F1C-2A65-473C-96FD-98566D388E67}.Release|x86.Build.0 = Release|Win32
		{A9B785C6-1AFF-4745-B503-49F19B4A0AD1}.Debug|x64.ActiveCfg = Debug|x64
		{A9B785C6-1AFF-4745-B503-49F19B4A0AD1}.Debug|x64.Build.0 = Debug|x64
		{A9B785C6-1AFF-4745-B503-49F19B4A0AD1}.Debug|x86.ActiveCfg = Debug|Win32
		{A9B785C6-1AFF-4745-B503-49F19B4A0AD1}.Debug|x86.Build.0 = Debug|Win32
		{A9B785C6-1AFF-4745-B503-49F19B4A0AD1}.Release|x64.ActiveCfg = Release|x64
		{A9B785C6-1AFF-4745-B503-49F19B4A0AD1}.Release|x64.Build.0 = Release|x64
		{A9B785C6-1AFF-4745-B503-49F19B4A0AD1}.Release|x86.ActiveCfg = Release|Win32
		{A9B785C6-1AFF-4745-B503-49F19B4A0AD1}.Release|x86.Build.0 = Release|Win32
		{F160A648-B8E4-4C78-8366-B644FB877BF7}.Debug|x64.ActiveCfg = Debug|x64
		{F160A648-B8E4-4C78-8366-B644FB877BF7}.Debug|x64.Build.0 = Debug|x64
		{F160A648-B8E4-4C78-8366-B644FB877BF7}.Debug|x86.ActiveCfg = Debug|Win32
		{F160A648-B8E4-4C78-8366-B644FB877BF7}.Debug|x86.Build.0 = Debug|Win32
		{F160A648-B8E4-4C78-8366-B644FB877BF7}.Release|x64.ActiveCfg = Release|x64
		{F160A648-B8E4-4C78-8366-B644FB877BF7}.Release|x64.Build.0 = Release|x64
		{F160A648-B8E4-4C78-8366-B644FB877BF7}.Release|x86.ActiveCfg = Release|Win32
		{F160A648-B8E4-4C78-8366-B644FB877BF7}.Release|x86.Build.0 = Release|Win32
		{E4538ECD-6B0C-42FC-8EAA-9487622D1680}.Debug|x64.ActiveCfg = Debug|x64
		{E4538ECD-6B0C-42FC-8EAA-9487622D1680}.Debug|x64.Build.0 = Debug|x64
		{E4538ECD-6B0C-42FC-8EAA-9487622D1680}.Debug|x86.ActiveCfg = Debug|Win32
		{E4538ECD-6B0C-42FC-8EAA-9487622D1680}.Debug|x86.Build.0 = Debug|Win32
		{E4538ECD-6B0C-42FC-8EAA-9487622D1680}.Release|x64.ActiveCfg = Release|x64
		{E4538ECD-6B0C-42FC-8EAA-9487622D1680}.Release|x64.Build.0 = Release|x64
		{E4538ECD-6B0C-42FC-8EAA-9487622D1680}.Release|x86.ActiveCfg = Release|Win32
		{E4538ECD-6B0C-42FC-8EAA-9487622D1680}.Release|x86.Build.0 = Release|Win32
		{5540878C-8084-4814-A982-5839936A4E7E}.Debug|x64.ActiveCfg = Debug|x64
		{5540878C-8084-4814-A982-5839936A4E7E}.Debug|x64.Build.0 = Debug|x64
		{5540878C-8084-4814-A982-5839936A4E7E}.Debug|x86.ActiveCfg = Debug|Win32
		{5540878C-8084-4814-A982-5839936A4E7E}.Debug|x86.Build.0 = Debug|Win32
		{5540878C-8084-4814-A982-5839936A4E7E}.Release|x64.ActiveCfg = Release|x64
		{5540878C-8084-4814-A982-5839936A4E7E}.Release|x64.Build.0 = Release|x64
		{5540878C-8084-4814-A982-5839936A4E7E}.Release|x86.ActiveCfg = Release|Win32
		{5540878C-8084-4814-A982-5839936A4E7E}.Release|x86.Build.0 = Release|Win32
		{B7BE0A4B-ADD9-491F-BF7A-F4A794981C45}.Debug|x64.ActiveCfg = Debug|x64
		{B7BE0A4B-ADD9-491F-BF7A-F4A794981C45}.Debug|x64.Build.0 = Debug|x64
		{B7BE0A4B-ADD9-491F-BF7A-F4A794981C45}.Debug|x86.ActiveCfg = Debug|Win32
		{B7BE0A4B-ADD9-491F-BF7A-F4A794981C45}.Debug|x86.Build.0 = Debug|Win32
		{B7BE0A4B-ADD9-491F-BF7A-F4A794981C45}.Release|x64.ActiveCfg = Release|x64
		{B7BE0A4B-ADD9-491F-BF7A-F4A794981C45}.Release|x64.Build.0 = Release|x64
		{B7BE0A4B-ADD9-491F-BF7A-F4A794981C45}.Release|x86.ActiveCfg = Release|Win32
		{B7BE0A4B-ADD9-491F-BF7A-F4A794981C45}.Release|x86.Build.0 = Release|Win32
		{0AB74B37-20A5-4A7C-BDF6-7790C03D4FD7}.Debug|x64.ActiveCfg = Debug|x64
		{0AB74B37-20A5-4A7C-BDF6-7790C03D4FD7}.Debug|x64.Build.0 = Debug|x64
		{0AB74B37-20A5-4A7C-BDF6-7790C03D4FD7}.Debug|x86.ActiveCfg = Debug|Win32
		{0AB74B37-20A5-4A7C-BDF6-7790C03D4FD7}.Debug|x86.Build.0 = Debug|Win32
		{0AB74B37-20A5-4A7C-BDF6-7790C03D4FD7}.Release|x64.ActiveCfg = Release|x64
		{0AB74B37-20A5-4A7C-BDF6-7790C03D4FD7}.Release|x64.Build.0 = Release|x64
		{0AB74B37-20A5-4A7C-BDF6-7790C03D4FD7}.Release|x86.ActiveCfg = Release|Win32
		{0AB74B37-20A5-4A7C-BDF6-7790C03D4FD7}.Release|x86.Build.0 = Release|Win32
		{04DD9EA9-860F-4414-8F7A-33F9B27128D4}.Debug|x64.ActiveCfg = Debug|x64
		{04DD9EA9-860F-4414-8F7A-33F9B27128D4}.Debug|x64.Build.0 = Debug|x64
		{04DD9EA9-860F-4414-8F7A-33F9B27128D4}.Debug|x86.ActiveCfg = Debug|Win32
		{04DD9EA9-860F-4414-8F7A-33F9B27128D4}.Debug|x86.Build.0 = Debug|Win32
		{04DD9EA9-860F-4414-8F7A-33F9B27128D4}.Release|x64.ActiveCfg = Release|x64
		{04DD9EA9-860F-4414-8F7A-33F9B27128D4}.Release|x64.Build.0 = Release|x64
		{04DD9EA9-860F-4414-8F7A-33F9B27128D4}.Release|x86.ActiveCfg = Release|Win32
		{04DD9EA9-860F-4414-8F7A-33F9B27128D4}.Release|x86.Build.0 = Release|Win32
		{76781D7A-51CD-4BDB-B9B3-995D590CE246}.Debug|x64.ActiveCfg = Debug|x64
		{76781D7A-51CD-4BDB-B9B3-995D590CE246}.Debug|x64.Build.0 = Debug|x64
		{76781D7A-51CD-4BDB-B9B3-995D590CE246}.Debug|x86.ActiveCfg = Debug|Win32
		{76781D7A-51CD-4BDB-B9B3-995D590CE246}.Debug|x86.Build.0 = Debug|Win32
		{76781D7A-51CD-4BDB-B9B3-995D590CE246}.Release|x64.ActiveCfg = Release|x64
		{76781D7A-51CD-4BDB-B9B3-995D590CE246}.Release|x64.Build.0 = Release|x64
		{76781D7A-51CD-4BDB-B9B3-995D590CE246}.Release|x86.ActiveCfg = Release|Win32
		{76781D7A-51CD-4BDB-B9B3-995D590CE246}.Release|x86.Build.0 = Release|Win32
		{89BC96B6-52AF-458D-8958-C6C195BABD3C}.Debug|x64.ActiveCfg = Debug|x64
		{89BC96B6-52AF-458D-8958-C6C195BABD3C}.Debug|x64.Build.0 = Debug|x64
		{89BC96B6-52AF-458D-8958-C6C195BABD3C}.Debug|x86.ActiveCfg = Debug|Win32
		{89BC96B6-52AF-458D-8958-C6C195BABD3C}.Debug|x86.Build.0 = Debug|Win32
		{89BC96B6-52AF-458D-8958-C6C195BABD3C}.Release|x64.ActiveCfg = Release|x64
		{89BC96B6-52AF-458D-8958-C6C195BABD3C}.Release|x64.Build.0 = Release|x64
		{89BC96B6-52AF-458D-8958-C6C195BABD3C}.Release|x86.ActiveCfg = Release|Win32
		{89BC96B6-52AF-458D-8958-C6C195BABD3C}.Release|x86.Build.0 = Release|Win32
		{AF4FBEA9-F473-4ED8-AC35-D290B575A3C7}.Debug|x64.ActiveCfg = Debug|x64
		{AF4FBEA9-F473-4ED8-AC35-D290B575A3C7}.Debug|x64.Build.0 = Debug|x64
		{AF4FBEA9-F473-4ED8-AC35-D290B575A3C7}.Debug|x86.ActiveCfg = Debug|Win32
		{AF4FBEA9-F473-4ED8-AC35-D290B575A3C7}.Debug|x86.Build.0 = Debug|Win32
		{AF4FBEA9-F473-4ED8-AC35-D290B575A3C7}.Release|x64.ActiveCfg = Release|x64
		{AF4FBEA9-F473-4ED8-AC35-D290B575A3C7}.Release|x64.Build.0 = Release|x64
		{AF4FBEA9-F473-4ED8-AC35-D290B575A3C7}.Release|x86.ActiveCfg = Release|Win32
		{AF4FBEA9-F473-4ED8-AC35-D290B575A3C7}.Release|x86.Build.0 = Release|Win32
		{BDFB6877-2C06-4422-81F0-F997AEB1B6ED}.Debug|x64.ActiveCfg = Debug|x64
		{BDFB6877-2C06-4422-81F0-F997AEB1B6ED}.Debug|x64.Build.0 = Debug|x64
		{BDFB6877-2C06-4422-81F0-F997AEB1B6ED}.Debug|x86.ActiveCfg = Debug|Win32
		{BDFB6877-2C06-4422-81F0-F997AEB1B6ED}.Debug|x86.Build.0 = Debug|Win32
		{BDFB6877-2C06-4422-81F0-F997AEB1B6ED}.Release|x64.ActiveCfg = Release|x64
		{BDFB6877-2C06-4422-81F0-F997AEB1B6ED}.Release|x64.Build.0 = Release|x64
		{BDFB6877-2C06-4422-81F0-F997AEB1B6ED}.Release|x86.ActiveCfg = Release|Win32
		{BDFB6877-2C06-4422-81F0-F997AEB1B6ED}.Release|x86.Build.0 = Release|Win32
		{96C8B867-1502-4D69-9549-B328E66C76F5}.Debug|x64.ActiveCfg = Debug|x64
		{96C8B867-1502-4D69-9549-B328E66C76F5}.Debug|x64.Build.0 = Debug|x64
		{96C8B867-1502-4D69-9549-B328E66C76F5}.Debug|x86.ActiveCfg = Debug|Win32
		{96C8B867-1502-4D69-9549-B328E66C76F5}.Debug|x86.Build.0 = Debug|Win32
		{96C8B867-1502-4D69-9549-B328E66C76F5}.Release|x64.ActiveCfg = Release|x64
		{96C8B867-1502-4D69-9549-B328E66C76F5}.Release|x64.Build.0 = Release|x64
		{96C8B867-1502-4D69-9549-B328E66C76F5}.Release|x86.ActiveCfg = Release|Win32
		{96C8B867-1502-4D69-9549-B328E66C76F5}.Release|x86.Build.0 = Release|Win32
		{21F35B15-DAEF-4957-A816-35E4301E3EEB}.Debug|x64.ActiveCfg = Debug|x64
		{21F35B15-DAEF-4957-A816-35E4301E3EEB}.Debug|x64.Build.0 = Debug|x64
		{21F35B15-DAEF-4957-A816-35E4301E3EEB}.Debug|x86.ActiveCfg = Debug|Win32
		{21F35B15-DAEF-4957-A816-35E4301E3EEB}.Debug|x86.Build.0 = Debug|Win32
		{21F35B15-DAEF-4957-A816-35E4301E3EEB}.Release|x64.ActiveCfg = Release|x64
		{21F35B15-DAEF-4957-A816-35E4301E3EEB}.Release|x64.Build.0 = Release|x64
		{21F35B15-DAEF-4957-A816-35E4301E3EEB}.Release|x86.ActiveCfg = Release|Win32
		{21F35B15-DAEF-4957-A816-35E4301E3EEB}.Release|x86.Build.0 = Release|Win32
		{5258E82E-E112-44F3-94D6-D2232E3DDB38}.Debug|x64.ActiveCfg = Debug|x64
		{5258E82E-E112-44F3-94D6-D2232E3DDB38}.Debug|x64.Build.0 = Debug|x64
		{5258E82E-E112-44F3-94D6-D2232E3DDB38}.Debug|x86.ActiveCfg = Debug|Win32
		{5258E82E-E112-44F3-94D6-D2232E3DDB38}.Debug|x86.Build.0 = Debug|Win32
		{5258E82E-E112-44F3-94D6-D2232E3DDB38}.Release|x64.ActiveCfg = Release|x64
		{5258E82E-E112-44F3-94D6-D2232E3DDB38}.Release|x64.Build.0 = Release|x64
		{5258E82E-E112-44F3-94D6-D2232E3DDB38}.Release|x86.ActiveCfg = Release|Win32
		{5258E82E-E112-44F3-94D6-D2232E3DDB38}.Release|x86.Build.0 = Release|Win32
		{262C2DE5-3519-4146-A4C1-645197A0799D}.Debug|x64.ActiveCfg = Debug|x64
		{262C2DE5-3519-4146-A4C1-645197A0799D}.Debug|x64.Build.0 = Debug|x64
		{262C2DE5-3519-4146-A4C1-645197A0799D}.Debug|x86.ActiveCfg = Debug|Win32
		{262C2DE5-3519-4146-A4C1-645197A0799D}.Debug|x86.Build.0 = Debug|Win32
		{262C2DE5-3519-4146-A4C1-645197A0799D}.Release|x64.ActiveCfg = Release|x64
		{262C2DE5-3519-4146-A4C1-645197A0799D}.Release|x64.Build.0 = Release|x64
		{262C2DE5-3519-4146-A4C1-645197A0799D}.Release|x86.ActiveCfg = Release|Win32
		{262C2DE5-3519-4146-A4C1-645197A0799D}.Release|x86.Build.0 = Release|Win32
		{6DE43353-C138-4461-AFC3-E399F42DC3D2}.Debug|x64.ActiveCfg = Debug|x64
		{6DE43353-C138-4461-AFC3-E399F42DC3D2}.Debug|x64.Build.0 = Debug|x64
		{6DE43353-C138-4461-AFC3-E399F42DC3D2}.Debug|x86.ActiveCfg = Debug|Win32
		{6DE43353-C138-4461-AFC3-E399F42DC3D2}.Debug|x86.Build.0 = Debug|Win32
		{6DE43353-C138-4461-AFC3-E399F42DC3D2}.Release|x64.ActiveCfg = Release|x64
		{6DE43353-C138-4461-AFC3-E399F42DC3D2}.Release|x64.Build.0 = Release|x64
		{6DE43353-C138-4461-AFC3-E399F42DC3D2}.Release|x86.ActiveCfg = Release|Win32
		{6DE43353-C138-4461-AFC3-E399F42DC3D2}.Release|x86.Build.0 = Release|Win32
		{87F7EAA9-502F-4393-94D6-DCD8E47AF767}.Debug|x64.ActiveCfg = Debug|x64
		{87F7EAA9-502F-4393-94D6-DCD8E47AF767}.Debug|x64.Build.0 = Debug|x64
		{87F7EAA9-502F-4393-94D6-DCD8E47AF767}.Debug|x86.ActiveCfg = Debug|Win32
		{87F7EAA9-502F-4393-94D6-DCD8E47AF767}.Debug|x86.Build.0 = Debug|Win32
		{87F7EAA9-502F-4393-94D6-DCD8E47AF767}.Release|x64.ActiveCfg = Release|x64
		{87F7EAA9-502F-4393-94D6-DCD8E47AF767}.Release|x64.Build.0 = Release|x64
		{87F7EAA9-502F-4393-94D6-DCD8E47AF767}.Release|x86.ActiveCfg = Release|Win32
		{87F7EAA9-502F-4393-94D6-DCD8E47AF767}.Release|x86.Build.0 = Release|Win32
		{F0533929-E1AE-4B47-B0C9-A31F63B53F2D}.Debug|x64.ActiveCfg = Debug|x64
		{F0533929-E1AE-4B47-B0C9-A31F63B53F2D}.Debug|x64.Build.0 = Debug|x64
		{F0533929-E1AE-4B47-B0C9-A31F63B53F2D}.Debug|x86.ActiveCfg = Debug|Win32
		{F0533929-E1AE-4B47-B0C9-A31F63B53F2D}.Debug|x86.Build.0 = Debug|Win32
		{F0533929-E1AE-4B47-B0C9-A31F63B53F2D}.Release|x64.ActiveCfg = Release|x64
		{F0533929-E1AE-4B47-B0C9-A31F63B53F2D}.Release|x64.Build.0 = Release|x64
		{F0533929-E1AE-4B47-B0C9-A31F63B53F2D}.Release|x86.ActiveCfg = Release|Win32
		{F0533929-E1AE-4B47-B0C9-A31F63B53F2D}.Release|x86.Build.0 = Release|Win32
		{D4D9CBB7-737F-45EA-91AF-FBCDEC402929}.Debug|x64.ActiveCfg = Debug|x64
		{D4D9CBB7-737F-45EA-91AF-FBCDEC402929}.Debug|x64.Build.0 = Debug|x64
		{D4D9CBB7-737F-45EA-91AF-FBCDEC402929}.Debug|x86.ActiveCfg = Debug|Win32
		{D4D9CBB7-737F-45EA-91AF-FBCDEC402929}.Debug|x86.Build.0 = Debug|Win32
		{D4D9CBB7-737F-45EA-91AF-FBCDEC402929}.Release|x64.ActiveCfg = Release|x64
		{D4D9CBB7-737F-45EA-91AF-FBCDEC402929}.Release|x64.Build.0 = Release|x64
		{D4D9CBB7-737F-45EA-91AF-FBCDEC402929}.Release|x86.ActiveCfg = Release|Win32
		{D4D9CBB7-737F-45EA-91AF-FBCDEC402929}.Release|x86.Build.0 = Release|Win32
		{41AF6C87-948B-4EB1-B09B-6B1C8F39ABF4}.Debug|x64.ActiveCfg = Debug|x64
		{41AF6C87-948B-4EB1-B09B-6B1C8F39ABF4}.Debug|x64.Build.0 = Debug|x64
		{41AF6C87-948B-4EB1-B09B-6B1C8F39ABF4}.Debug|x86.ActiveCfg = Debug|Win32
		{41AF6C87-948B-4EB1-B09B-6B1C8F39ABF4}.Debug|x86.Build.0 = Debug|Win32
		{41AF6C87-948B-4EB1-B09B-6B1C8F39ABF4}.Release|x64.ActiveCfg = Release|x64
		{41AF6C87-948B-4EB1-B09B-6B1C8F39ABF4}.Release|x64.Build.0 = Release|x64
		{41AF6C87-948B-4EB1-B09B-6B1C8F39ABF4}.Release|x86.ActiveCfg = Release|Win32
		{41AF6C87-948B-4EB1-B09B-6B1C8F39ABF4}.Release|x86.Build.0 = Release|Win32
		{41944A27-BB67-4001-B41E-8BBAE79BC893}.Debug|x64.ActiveCfg = Debug|x64
		{41944A27-BB67-4001-B41E-8BBAE79BC893}.Debug|x64.Build.0 = Debug|x64
		{41944A27-BB67-4001-B41E-8BBAE79BC893}.Debug|x86.ActiveCfg = Debug|Win32
		{41944A27-BB67-4001-B41E-8BBAE79BC893}.Debug|x86.Build.0 = Debug|Win32
		{41944A27-BB67-4001-B41E-8BBAE79BC893}.Release|x64.ActiveCfg = Release|x64
		{41944A27-BB67-4001-B41E-8BBAE79BC893}.Release|x64.Build.0 = Release|x64
		{41944A27-BB67-4001-B41E-8BBAE79BC893}.Release|x86.ActiveCfg = Release|Win32
		{41944A27-BB67-4001-B41E-8BBAE79BC893}.Release|x86.Build.0 = Release|Win32
		{9BE6902B-A204-42D2-BED4-B535D7D952A8}.Debug|x64.ActiveCfg = Debug|x64
		{9BE6902B-A204-42D2-BED4-B535D7D952A8}.Debug|x64.Build.0 = Debug|x64
		{9BE6902B-A204-42D2-BED4-B535D7D952A8}.Debug|x86.ActiveCfg = Debug|Win32
		{9BE6902B-A204-42D2-BED4-B535D7D952A8}.Debug|x86.Build.0 = Debug|Win32
		{9BE6902B-A204-42D2-BED4-B535D7D952A8}.Release|x64.ActiveCfg = Release|x64
		{9BE6902B-A204-42D2-BED4-B535D7D952A8}.Release|x64.Build.0 = Release|x64
		{9BE6902B-A204-42D2-BED4-B535D7D952A8}.Release|x86.ActiveCfg = Release|Win32
		{9BE6902B-A204-42D2-BED4-B535D7D952A8}.Release|x86.Build.0 = Release|Win32
		{B368869F-96FD-4EC3-A35C-1C0C40EE6CCD}.Debug|x64.ActiveCfg = Debug|x64
		{B368869F-96FD-4EC3-A35C-1C0C40EE6CCD}.Debug|x64.Build.0 = Debug|x64
		{B368869F-96FD-4EC3-A35C-1C0C40EE6CCD}.Debug|x86.ActiveCfg = Debug|Win32
		{B368869F-96FD-4EC3-A35C-1C0C40EE6CCD}.Debug|x86.Build.0 = Debug|Win32
		{B368869F-96FD-4EC3-A35C-1C0C40EE6CCD}.Release|x64.ActiveCfg = Release|x64
		{B368869F-96FD-4EC3-A35C-1C0C40EE6CCD}.Release|x64.Build.0 = Release|x64
		{B368869F-96FD-4EC3-A35C-1C0C40EE6CCD}.Release|x86.ActiveCfg = Release|Win32
		{B368869F-96FD-4EC3-A35C-1C0C40EE6CCD}.Release|x86.Build.0 = Release|Win32
		{BDAFDA78-B032-4F0D-8359-9D21A018F4DD}.Debug|x64.ActiveCfg = Debug|x64
		{BDAFDA78-B032-4F0D-8359-9D21A018F4DD}.Debug|x64.Build.0 = Debug|x64
		{BDAFDA78-B032-4F0D-8359-9D21A018F4DD}.Debug|x86.ActiveCfg = Debug|Win32
		{BDAFDA78-B032-4F0D-8359-9D21A018F4DD}.Debug|x86.Build.0 = Debug|Win32
		{BDAFDA78-B032-4F0D-8359-9D21A018F4DD}.Release|x64.ActiveCfg = Release|x64
		{BDAFDA78-B032-4F0D-8359-9D21A018F4DD}.Release|x64.Build.0 = Release|x64
		{BDAFDA78-B032-4F0D-8359-9D21A018F4DD}.Release|x86.ActiveCfg = Release|Win32
		{BDAFDA78-B032-4F0D-8359-9D21A018F4DD}.Release|x86.Build.0 = Release|Win32
		{D0C12252-B7DB-40BA-9A2E-CABA37FD22B3}.Debug|x64.ActiveCfg = Debug|x64
		{D0C12252-B7DB-40BA-9A2E-CABA37FD22B3}.Debug|x64.Build.0 = Debug|x64
		{D0C12252-B7DB-40BA-9A2E-CABA37FD22B3}.Debug|x86.ActiveCfg = Debug|Win32
		{D0C12252-B7DB-40BA-9A2E-CABA37FD22B3}.Debug|x86.Build.0 = Debug|Win32
		{D0C12252-B7DB-40BA-9A2E-CABA37FD22B3}.Release|x64.ActiveCfg = Release|x64
		{D0C12252-B7DB-40BA-9A2E-CABA37FD22B3}.Release|x64.Build.0 = Release|x64
		{D0C12252-B7DB-40BA-9A2E-CABA37FD22B3}.Release|x86.ActiveCfg = Release|Win32
		{D0C12252-B7DB-40BA-9A2E-CABA37FD22B3}.Release|x86.Build.0 = Release|Win32
		{F155BB33-9705-4F40-A8FB-322E29EE4421}.Debug|x64.ActiveCfg = Debug|x64
		{F155BB33-9705-4F40-A8FB-322E29EE4421}.Debug|x64.Build.0 = Debug|x64
		{F155BB33-9705-4F40-A8FB-322E29EE4421}.Debug|x86.ActiveCfg = Debug|Win32
		{F155BB33-9705-4F40-A8FB-322E29EE4421}.Debug|x86.Build.0 = Debug|Win32
		{F155BB33-9705-4F40-A8FB-322E29EE4421}.Release|x64.ActiveCfg = Release|x64
		{F155BB33-9705-4F40-A8FB-322E29EE4421}.Release|x64.Build.0 = Release|x64
		{F155BB33-9705-4F40-A8FB-322E29EE4421}.Release|x86.ActiveCfg = Release|Win32
		{F155BB33-9705-4F40-A8FB-322E29EE4421}.Release|x86.Build.0 = Release|Win32
		{A0FC88BA-F308-451E-8070-BA46D8412CB5}.Debug|x64.ActiveCfg = Debug|x64
		{A0FC88BA-F308-451E-8070-BA46D8412CB5}.Debug|x64.Build.0 = Debug|x64
		{A0FC88BA-F308-451E-8070-BA46D8412CB5}.Debug|x86.ActiveCfg = Debug|Win32
		{A0FC88BA-F308-451E-8070-BA46D8412CB5}.Debug|x86.Build.0 = Debug|Win32
		{A0FC88BA-F308-451E-8070-BA46D8412CB5}.Release|x64.ActiveCfg = Release|x64
		{A0FC88BA-F308-451E-8070-BA46D8412CB5}.Release|x64.Build.0 = Release|x64
		{A0FC88BA-F308-451E-8070-BA46D8412CB5}.Release|x86.ActiveCfg = Release|Win32
		{A0FC88BA-F308-451E-8070-BA46D8412CB5}.Release|x86.Build.0 = Release|Win32
		{25D45311-F09E-437D-879D-3686D8A2F23D}.Debug|x64.ActiveCfg = Debug|x64
		{25D45311-F09E-437D-879D-3686D8A2F23D}.Debug|x64.Build.0 = Debug|x64
		{25D45311-F09E-437D-879D-3686D8A2F23D}.Debug|x86.ActiveCfg = Debug|Win32
		{25D45311-F09E-437D-879D-3686D8A2F23D}.Debug|x86.Build.0 = Debug|Win32
		{25D45311-F09E-437D-879D-3686D8A2F23D}.Release|x64.ActiveCfg = Release|x64
		{25D45311-F09E-437D-879D-3686D8A2F23D}.Release|x64.Build.0 = Release|x64
		{25D45311-F09E-437D-879D-3686D8A2F23D}.Release|x86.ActiveCfg = Release|Win32
		{25D45311-F09E-437D-879D-3686D8A2F23D}.Release|x86.Build.0 = Release|Win32
		{4600D988-9322-4F35-9047-BFFB46ED9765}.Debug|x64.ActiveCfg = Debug|x64
		{4600D988-9322-4F35-9047-BFFB46ED9765}.Debug|x64.Build.0 = Debug|x64
		{4600D988-9322-4F35-9047-BFFB46ED9765}.Debug|x86.ActiveCfg = Debug|Win32
		{4600D988-9322-4F35-9047-BFFB46ED9765}.Debug|x86.Build.0 = Debug|Win32
		{4600D988-9322-4F35-9047-BFFB46ED9765}.Release|x64.ActiveCfg = Release|x64
		{4600D988-9322-4F35-9047-BFFB46ED9765}.Release|x64.Build.0 = Release|x64
		{4600D988-9322-4F35-9047-BFFB46ED9765}.Release|x86.ActiveCfg = Release|Win32
		{4600D988-9322-4F35-9047-BFFB46ED9765}.Release|x86.Build.0 = Release|Win32
		{01907219-AB87-4760-8DD9-232FAA12E0EF}.Debug|x64.ActiveCfg = Debug|x64
		{01907219-AB87-4760-8DD9-232FAA12E0EF}.Debug|x64.Build.0 = Debug|x64
		{01907219-AB87-4760-8DD9-232FAA12E0EF}.Debug|x86.ActiveCfg = Debug|Win32
		{01907219-AB87-4760-8DD9-232FAA12E0EF}.Debug|x86.Build.0 = Debug|Win32
		{01907219-AB87-4760-8DD9-232FAA12E0EF}.Release|x64.ActiveCfg = Release|x64
		{01907219-AB87-4760-8DD9-232FAA12E0EF}.Release|x64.Build.0 = Release|x64
		{01907219-AB87-4760-8DD9-232FAA12E0EF}.Release|x86.ActiveCfg = Release|Win32
		{01907219-AB87-4760-8DD9-232FAA12E0EF}.Release|x86.Build.0 = Release|Win32
		{83C8E661-3E94-46F4-B031-3D4116F5CD4C}.Debug|x64.ActiveCfg = Debug|x64
		{83C8E661-3E94-46F4-B031-3D4116F5CD4C}.Debug|x64.Build.0 = Debug|x64
		{83C8E661-3E94-46F4-B031-3D4116F5CD4C}.Debug|x86.ActiveCfg = Debug|Win32
		{83C8E661-3E94-46F4-B031-3D4116F5CD4C}.Debug|x86.Build.0 = Debug|Win32
		{83C8E661-3E94-46F4-B031-3D4116F5CD4C}.Release|x64.ActiveCfg = Release|x64
		{83C8E661-3E94-46F4-B031-3D4116F5CD4C}.Release|x64.Build.0 = Release|x64
		{83C8E661-3E94-46F4-B031-3D4116F5CD4C}.Release|x86.ActiveCfg = Release|Win32
		{83C8E661-3E94-46F4-B031-3D4116F5CD4C}.Release|x86.Build.0 = Release|Win32
		{635EDA1D-FFB6-46F4-9C47-9F6F226E34F5}.Debug|x64.ActiveCfg = Debug|x64
		{635EDA1D-FFB6-46F4-9C47-9F6F226E34F5}.Debug|x64.Build.0 = Debug|x64
		{635EDA1D-FFB6-46F4-9C47-9F6F226E34F5}.Debug|x86.ActiveCfg = Debug|Win32
		{635EDA1D-FFB6-46F4-9C47-9F6F226E34F5}.Debug|x86.Build.0 = Debug|Win32
		{635EDA1D-FFB6-46F4-9C47-9F6F226E34F5}.Release|x64.ActiveCfg = Release|x64
		{635EDA1D-FFB6-46F4-9C47-9F6F226E34F5}.Release|x64.Build.0 = Release|x64
		{635EDA1D-FFB6-46F4-9C47-9F6F226E34F5}.Release|x86.ActiveCfg = Release|Win32
		{635EDA1D-FFB6-46F4-9C47-9F6F226E34F5}.Release|x86.Build.0 = Release|Win32
		{F35C4D8E-670E-417B-BF08-8720603F5601}.Debug|x64.ActiveCfg = Debug|x64
		{F35C4D8E-670E-417B-BF08-8720603F5601}.Debug|x64.Build.0 = Debug|x64
		{F35C4D8E-670E-417B-BF08-8720603F5601}.Debug|x86.ActiveCfg = Debug|Win32
		{F35C4D8E-670E-417B-BF08-8720603F5601}.Debug|x86.Build.0 = Debug|Win32
		{F35C4D8E-670E-417B-BF08-8720603F5601}.Release|x64.ActiveCfg = Release|x64
		{F35C4D8E-670E-417B-BF08-8720603F5601}.Release|x64.Build.0 = Release|x64
		{F35C4D8E-670E-417B-BF08-8720603F5601}.Release|x86.ActiveCfg = Release|Win32
		{F35C4D8E-670E-417B-BF08-8720603F5601}.Release|x86.Build.0 = Release|Win32
		{1E738F8E-5869-48D1-9993-4479FB6F350C}.Debug|x64.ActiveCfg = Debug|x64
		{1E738F8E-5869-48D1-9993-4479FB6F350C}.Debug|x64.Build.0 = Debug|x64
		{1E738F8E-5869-48D1-9993-4479FB6F350C}.Debug|x86.ActiveCfg = Debug|Win32
		{1E738F8E-5869-48D1-9993-4479FB6F350C}.Debug|x86.Build.0 = Debug|Win32
		{1E738F8E-5869-48D1-9993-4479FB6F350C}.Release|x64.ActiveCfg = Release|x64
		{1E738F8E-5869-48D1-9993-4479FB6F350C}.Release|x64.Build.0 = Release|x64
		{1E738F8E-5869-48D1-9993-4479FB6F350C}.Release|x86.ActiveCfg = Release|Win32
		{1E738F8E-5869-48D1-9993-4479FB6F350C}.Release|x86.Build.0 = Release|Win32
		{F71244F1-A0A8-418E-868C-760A4F5E6419}.Debug|x64.ActiveCfg = Debug|x64
		{F71244F1-A0A8-418E-868C-760A4F5E6419}.Debug|x64.Build.0 = Debug|x64
		{F71244F1-A0A8-418E-868C-760A4F5E6419}.Debug|x86.ActiveCfg = Debug|Win32
		{F71244F1-A0A8-418E-868C-760A4F5E6419}.Debug|x86.Build.0 = Debug|Win32
		{F71244F1-A0A8-418E-868C-760A4F5E6419}.Release|x64.ActiveCfg = Release|x64
		{F71244F1-A0A8-418E-868C-760A4F5E6419}.Release|x64.Build.0 = Release|x64
		{F71244F1-A0A8-418E-868C-760A4F5E6419}.Release|x86.ActiveCfg = Release|Win32
		{F71244F1-A0A8-418E-868C-760A4F5E6419}.Release|x86.Build.0 = Release|Win32
		{C5377C98-BAA4-42B3-8F9C-A6400462F9A9}.Debug|x64.ActiveCfg = Debug|x64
		{C5377C98-BAA4-42B3-8F9C-A6400462F9A9}.Debug|x64.Build.0 = Debug|x64
		{C5377C98-BAA4-42B3-8F9C-A6400462F9A9}.Debug|x86.ActiveCfg = Debug|Win32
		{C5377C98-BAA4-42B3-8F9C-A6400462F9A9}.Debug|x86.Build.0 = Debug|Win32
		{C5377C98-BAA4-42B3-8F9C-A6400462F9A9}.Release|x64.ActiveCfg = Release|x64
		{C5377C98-BAA4-42B3-8F9C-A6400462F9A9}.Release|x64.Build.0 = Release|x64
		{C5377C98-BAA4-42B3-8F9C-A6400462F9A9}.Release|x86.ActiveCfg = Release|Win32
		{C5377C98-BAA4-42B3-8F9C-A6400462F9A9}.Release|x86.Build.0 = Release|Win32
		{821B67D1-8942-457D-BE2A-FF93F924D09F}.Debug|x64.ActiveCfg = Debug|x64
		{821B67D1-8942-457D-BE2A-FF93F924D09F}.Debug|x64.Build.0 = Debug|x64
		{821B67D1-8942-457D-BE2A-FF93F924D09F}.Debug|x86.ActiveCfg = Debug|Win32
		{821B67D1-8942-457D-BE2A-FF93F924D09F}.Debug|x86.Build.0 = Debug|Win32
		{821B67D1-8942-457D-BE2A-FF93F924D09F}.Release|x64.ActiveCfg = Release|x64
		{821B67D1-8942-457D-BE2A-FF93F924D09F}.Release|x64.Build.0 = Release|x64
		{821B67D1-8942-457D-BE2A-FF93F924D09F}.Release|x86.ActiveCfg = Release|Win32
		{821B67D1-8942-457D-BE2A-FF93F924D09F}.Release|x86.Build.0 = Release|Win32
		{4AA84ECE-6B5A-4B3B-A8D1-9FC73E9055E7}.Debug|x64.ActiveCfg = Debug|x64
		{4AA84ECE-6B5A-4B3B-A8D1-9FC73E9055E7}.Debug|x64.Build.0 = Debug|x64
		{4AA84ECE-6B5A-4B3B-A8D1-9FC73E9055E7}.Debug|x86.ActiveCfg = Debug|Win32
		{4AA84ECE-6B5A-4B3B-A8D1-9FC73E9055E7}.Debug|x86.Build.0 = Debug|Win32
		{4AA84ECE-6B5A-4B3B-A8D1-9FC73E9055E7}.Release|x64.ActiveCfg = Release|x64
		{4AA84ECE-6B5A-4B3B-A8D1-9FC73E9055E7}.Release|x64.Build.0 = Release|x64
		{4AA84ECE-6B5A-4B3B-A8D1-9FC73E9055E7}.Release|x86.ActiveCfg = Release|Win32
		{4AA84ECE-6B5A-4B3B-A8D1-9FC73E9055E7}.Release|x86.Build.0 = Release|Win32
		{BBC9BBC1-A9D6-4048-8E49-1EB649FB1EE5}.Debug|x64.ActiveCfg = Debug|x64
		{BBC9BBC1-A9D6-4048-8E49-1EB649FB1EE5}.Debug|x64.Build.0 = Debug|x64
		{BBC9BBC1-A9D6-4048-8E49-1EB649FB1EE5}.Debug|x86.ActiveCfg = Debug|Win32
		{BBC9BBC1-A9D6-4048-8E49-1EB649FB1EE5}.Debug|x86.Build.0 = Debug|Win32
		{BBC9BBC1-A9D6-4048-8E49-1EB649FB1EE5}.Release|x64.ActiveCfg = Release|x64
		{BBC9BBC1-A9D6-4048-8E49-1EB649FB1EE5}.Release|x64.Build.0 = Release|x64
		{BBC9BBC1-A9D6-4048-8E49-1EB649FB1EE5}.Release|x86.ActiveCfg = Release|Win32
		{BBC9BBC1-A9D6-4048-8E49-1EB649FB1EE5}.Release|x86.Build.0 = Release|Win32
		{EAE72D28-573F-41A9-809F-B7F19A52B9BA}.Debug|x64.ActiveCfg = Debug|x64
		{EAE72D28-573F-41A9-809F-B7F19A52B9BA}.Debug|x64.Build.0 = Debug|x64
		{EAE72D28-573F-41A9-809F-B7F19A52B9BA}.Debug|x86.ActiveCfg = Debug|Win32
		{EAE72D28-573F-41A9-809F-B7F19A52B9BA}.Debug|x86.Build.0 = Debug|Win32
		{EAE72D28-573F-41A9-809F-B7F19A52B9BA}.Release|x64.ActiveCfg = Release|x64
		{EAE72D28-573F-41A9-809F-B7F19A52B9BA}.Release|x64.Build.0 = Release|x64
		{EAE72D28-573F-41A9-809F-B7F19A52B9BA}.Release|x86.ActiveCfg = Release|Win32
		{EAE72D28-573F-41A9-809F-B7F19A52B9BA}.Release|x86.Build.0 = Release|Win32
		{BCD32D88-06FF-49BE-A245-8575D3C89B2B}.Debug|x64.ActiveCfg = Debug|x64
		{BCD32D88-06FF-49BE-A245-8575D3C89B2B}.Debug|x64.Build.0 = Debug|x64
		{BCD32D88-06FF-49BE-A245-8575D3C89B2B}.Debug|x86.ActiveCfg = Debug|Win32
		{BCD32D88-06FF-49BE-A245-8575D3C89B2B}.Debug|x86.Build.0 = Debug|Win32
		{BCD32D88-06FF-49BE-A245-8575D3C89B2B}.Release|x64.ActiveCfg = Release|x64
		{BCD32D88-06FF-49BE-A245-8575D3C89B2B}.Release|x64.Build.0 = Release|x64
		{BCD32D88-06FF-49BE-A245-8575D3C89B2B}.Release|x86.ActiveCfg = Release|Win32
		{BCD32D88-06FF-49BE-A245-8575D3C89B2B}.Release|x86.Build.0 = Release|Win32
		{A5FD0E64-2BEB-47B4-8D85-7E4364B4A090}.Debug|x64.ActiveCfg = Debug|x64
		{A5FD0E64-2BEB-47B4-8D85-7E4364B4A090}.Debug|x64.Build.0 = Debug|x64
		{A5FD0E64-2BEB-47B4-8D85-7E4364B4A090}.Debug|x86.ActiveCfg = Debug|Win32
		{A5FD0E64-2BEB-47B4-8D85-7E4364B4A090}.Debug|x86.Build.0 = Debug|Win32
		{A5FD0E64-2BEB-47B4-8D85-7E4364B4A090}.Release|x64.ActiveCfg = Release|x64
		{A5FD0E64-2BEB-47B4-8D85-7E4364B4A090}.Release|x64.Build.0 = Release|x64
		{A5FD0E64-2BEB-47B4-8D85-7E4364B4A090}.Release|x86.ActiveCfg = Release|Win32
		{A5FD0E64-2BEB-47B4-8D85-7E4364B4A090}.Release|x86.Build.0 = Release|Win32
		{971E5BF7-BC07-43FD-AE5B-0F888918FB77}.Debug|x64.ActiveCfg = Debug|x64
		{971E5BF7-BC07-43FD-AE5B-0F888918FB77}.Debug|x64.Build.0 = Debug|x64
		{971E5BF7-BC07-43FD-AE5B-0F888918FB77}.Debug|x86.ActiveCfg = Debug|Win32
		{971E5BF7-BC07-43FD-AE5B-0F888918FB77}.Debug|x86.Build.0 = Debug|Win32
		{971E5BF7-BC07-43FD-AE5B-0F888918FB77}.Release|x64.ActiveCfg = Release|x64
		{971E5BF7-BC07-43FD-AE5B-0F888918FB77}.Release|x64.Build.0 = Release|x64
		{971E5BF7-BC07-43FD-AE5B-0F888918FB77}.Release|x86.ActiveCfg = Release|Win32
		{971E5BF7-BC07-43FD-AE5B-0F888918FB77}.Release|x86.Build.0 = Release|Win32
		{2FA21190-35AC-4962-A0E1-89C386A4A96A}.Debug|x64.ActiveCfg = Debug|x64
		{2FA21190-35AC-4962-A0E1-89C386A4A96A}.Debug|x64.Build.0 = Debug|x64
		{2FA21190-35AC-4962-A0E1-89C386A4A96A}.Debug|x86.ActiveCfg = Debug|Win32
		{2FA21190-35AC-4962-A0E1-89C386A4A96A}.Debug|x86.Build.0 = Debug|Win32
		{2FA21190-35AC-4962-A0E1-89C386A4A96A}.Release|x64.ActiveCfg = Release|x64
		{2FA21190-35AC-4962-A0E1-89C386A4A96A}.Release|x64.Build.0 = Release|x64
		{2FA21190-35AC-4962-A0E1-89C386A4A96A}.Release|x86.ActiveCfg = Release|Win32
		{2FA21190-35AC-4962-A0E1-89C386A4A96A}.Release|x86.Build.0 = Release|Win32
		{3174A4F4-40AA-46AE-B23A-7E383410148C}.Debug|x64.ActiveCfg = Debug|x64
		{3174A4F4-40AA-46AE-B23A-7E383410148C}.Debug|x64.Build.0 = Debug|x64
		{3174A4F4-40AA-46AE-B23A-7E383410148C}.Debug|x86.ActiveCfg = Debug|Win32
		{3174A4F4-40AA-46AE-B23A-7E383410148C}.Debug|x86.Build.0 = Debug|Win32
		{3174A4F4-40AA-46AE-B23A-7E383410148C}.Release|x64.ActiveCfg = Release|x64
		{3174A4F4-40AA-46AE-B23A-7E383410148C}.Release|x64.Build.0 = Release|x64
		{3174A4F4-40AA-46AE-B23A-7E383410148C}.Release|x86.ActiveCfg = Release|Win32
		{3174A4F4-40AA-46AE-B23A-7E383410148C}.Release|x86.Build.0 = Release|Win32
		{57ECB067-3A4F-4D3B-8AD0-9356CB82525C}.Debug|x64.ActiveCfg = Debug|x64
		{57ECB067-3A4F-4D3B-8AD0-9356CB82525C}.Debug|x64.Build.0 = Debug|x64
		{57ECB067-3A4F-4D3B-8AD0-9356CB82525C}.Debug|x86.ActiveCfg = Debug|Win32
		{57ECB067-3A4F-4D3B-8AD0-9356CB82525C}.Debug|x86.Build.0 = Debug|Win32
		{57ECB067-3A4F-4D3B-8AD0-9356CB82525C}.Release|x64.ActiveCfg = Release|x64
		{57ECB067-3A4F-4D3B-8AD0-9356CB82525C}.Release|x64.Build.0 = Release|x64
		{57ECB067-3A4F-4D3B-8AD0-9356CB82525C}.Release|x86.ActiveCfg = Release|Win32
		{57ECB067-3A4F-4D3B-8AD0-9356CB82525C}.Release|x86.Build.0 = Release|Win32
		{75FEF773-27B0-400D-85D1-87645168BB35}.Debug|x64.ActiveCfg = Debug|x64
		{75FEF773-27B0-400D-85D1-87645168BB35}.Debug|x64.Build.0 = Debug|x64
		{75FEF773-27B0-400D-85D1-87645168BB35}.Debug|x86.ActiveCfg = Debug|Win32
		{75FEF773-27B0-400D-85D1-87645168BB35}.Debug|x86.Build.0 = Debug|Win32
		{75FEF773-27B0-400D-85D1-87645168BB35}.Release|x64.ActiveCfg = Release|x64
		{75FEF773-27B0-400D-85D1-87645168BB35}.Release|x64.Build.0 = Release|x64
		{75FEF773-27B0-400D-85D1-87645168BB35}.Release|x86.ActiveCfg = Release|Win32
		{75FEF773-27B0-400D-85D1-87645168BB35}.Release|x86.Build.0 = Release|Win32
		{9137035F-E7D5-48C4-8AC5-5BDA366681FD}.Debug|x64.ActiveCfg = Debug|x64
		{9137035F-E7D5-48C4-8AC5-5BDA366681FD}.Debug|x64.Build.0 = Debug|x64
		{9137035F-E7D5-48C4-8AC5-5BDA366681FD}.Debug|x86.ActiveCfg = Debug|Win32
		{9137035F-E7D5-48C4-8AC5-5BDA366681FD}.Debug|x86.Build.0 = Debug|Win32
		{9137035F-E7D5-48C4-8AC5-5BDA366681FD}.Release|x64.ActiveCfg = Release|x64
		{9137035F-E7D5-48C4-8AC5-5BDA366681FD}.Release|x64.Build.0 = Release|x64
		{9137035F-E7D5-48C4-8AC5-5BDA366681FD}.Release|x86.ActiveCfg = Release|Win32
		{9137035F-E7D5-48C4-8AC5-5BDA366681FD}.Release|x86.Build.0 = Release|Win32
		{4EB17BE1-CC46-4D5F-8B10-B52153D33128}.Debug|x64.ActiveCfg = Debug|x64
		{4EB17BE1-CC46-4D5F-8B10-B52153D33128}.Debug|x64.Build.0 = Debug|x64
		{4EB17BE1-CC46-4D5F-8B10-B52153D33128}.Debug|x86.ActiveCfg = Debug|Win32
		{4EB17BE1-CC46-4D5F-8B10-B52153D33128}.Debug|x86.Build.0 = Debug|Win32
		{4EB17BE1-CC46-4D5F-8B10-B52153D33128}.Release|x64.ActiveCfg = Release|x64
		{4EB17BE1-CC46-4D5F-8B10-B52153D33128}.Release|x64.Build.0 = Release|x64
		{4EB17BE1-CC46-4D5F-8B10-B52153D33128}.Release|x86.ActiveCfg = Release|Win32
		{4EB17BE1-CC46-4D5F-8B10-B52153D33128}.Release|x86.Build.0 = Release|Win32
		{D41AFC4E-50B9-48C2-B29E-71D65305EC76}.Debug|x64.ActiveCfg = Debug|x64
		{D41AFC4E-50B9-48C2-B29E-71D65305EC76}.Debug|x64.Build.0 = Debug|x64
		{D41AFC4E-50B9-48C2-B29E-71D65305EC76}.Debug|x86.ActiveCfg = Debug|Win32
		{D41AFC4E-50B9-48C2-B29E-71D65305EC76}.Debug|x86.Build.0 = Debug|Win32
		{D41AFC4E-50B9-48C2-B29E-71D65305EC76}.Release|x64.ActiveCfg = Release|x64
		{D41AFC4E-50B9-48C2-B29E-71D65305EC76}.Release|x64.Build.0 = Release|x64
		{D41AFC4E-50B9-48C2-B29E-71D65305EC76}.Release|x86.ActiveCfg = Release|Win32
		{D41AFC4E-50B9-48C2-B29E-71D65305EC76}.Release|x86.Build.0 = Release|Win32
		{87746CFE-836B-4533-980A-A8396F4F22F0}.Debug|x64.ActiveCfg = Debug|x64
		{87746CFE-836B-4533-980A-A8396F4F22F0}.Debug|x64.Build.0 = Debug|x64
		{87746CFE-836B-4533-980A-A8396F4F22F0}.Debug|x86.ActiveCfg = Debug|Win32
		{87746CFE-836B-4533-980A-A8396F4F22F0}.Debug|x86.Build.0 = Debug|Win32
		{87746CFE-836B-4533-980A-A8396F4F22F0}.Release|x64.ActiveCfg = Release|x64
		{87746CFE-836B-4533-980A-A8396F4F22F0}.Release|x64.Build.0 = Release|x64
		{87746CFE-836B-4533-980A-A8396F4F22F0}.Release|x86.ActiveCfg = Release|Win32
		{87746CFE-836B-4533-980A-A8396F4F22F0}.Release|x86.Build.0 = Release|Win32
		{B6B6ADE2-8703-40F3-B564-05DD743BA95B}.Debug|x64.ActiveCfg = Debug|x64
		{B6B6ADE2-8703-40F3-B564-05DD743BA95B}.Debug|x64.Build.0 = Debug|x64
		{B6B6ADE2-8703-40F3-B564-05DD743BA95B}.Debug|x86.ActiveCfg = Debug|Win32
		{B6B6ADE2-8703-40F3-B564-05DD743BA95B}.Debug|x86.Build.0 = Debug|Win32
		{B6B6ADE2-8703-40F3-B564-05DD743BA95B}.Release|x64.ActiveCfg = Release|x64
		{B6B6ADE2-8703-40F3-B564-05DD743BA95B}.Release|x64.Build.0 = Release|x64
		{B6B6ADE2-8703-40F3-B564-05DD743BA95B}.Release|x86.ActiveCfg = Release|Win32
		{B6B6ADE2-8703-40F3-B564-05DD743BA95B}.Release|x86.Build.0 = Release|Win32
		{164C7489-3380-4E14-A5F6-DCFD84282789}.Debug|x64.ActiveCfg = Debug|x64
		{164C7489-3380-4E14-A5F6-DCFD84282789}.Debug|x64.Build.0 = Debug|x64
		{164C7489-3380-4E14-A5F6-DCFD84282789}.Debug|x86.ActiveCfg = Debug|Win32
		{164C7489-3380-4E14-A5F6-DCFD84282789}.Debug|x86.Build.0 = Debug|Win32
		{164C7489-3380-4E14-A5F6-DCFD84282789}.Release|x64.ActiveCfg = Release|x64
		{164C7489-3380-4E14-A5F6-DCFD84282789}.Release|x64.Build.0 = Release|x64
		{164C7489-3380-4E14-A5F6-DCFD84282789}.Release|x86.ActiveCfg = Release|Win32
		{164C7489-3380-4E14-A5F6-DCFD84282789}.Release|x86.Build.0 = Release|Win32
		{16729768-C1E1-45D8-AC85-08E8078E171C}.Debug|x64.ActiveCfg = Debug|x64
		{16729768-C1E1-45D8-AC85-08E8078E171C}.Debug|x64.Build.0 = Debug|x64
		{16729768-C1E1-45D8-AC85-08E8078E171C}.Debug|x86.ActiveCfg = Debug|Win32
		{16729768-C1E1-45D8-AC85-08E8078E171C}.Debug|x86.Build.0 = Debug|Win32
		{16729768-C1E1-45D8-AC85-08E8078E171C}.Release|x64.ActiveCfg = Release|x64
		{16729768-C1E1-45D8-AC85-08E8078E171C}.Release|x64.Build.0 = Release|x64
		{16729768-C1E1-45D8-AC85-08E8078E171C}.Release|x86.ActiveCfg = Release|Win32
		{16729768-C1E1-45D8-AC85-08E8078E171C}.Release|x86.Build.0 = Release|Win32
		{3420131E-94F8-4F9C-B41B-F915AAFED7AC}.Debug|x64.ActiveCfg = Debug|x64
		{3420131E-94F8-4F9C-B41B-F915AAFED7AC}.Debug|x64.Build.0 = Debug|x64
		{3420131E-94F8-4F9C-B41B-F915AAFED7AC}.Debug|x86.ActiveCfg = Debug|Win32
		{3420131E-94F8-4F9C-B41B-F915AAFED7AC}.Debug|x86.Build.0 = Debug|Win32
		{3420131E-94F8-4F9C-B41B-F915AAFED7AC}.Release|x64.ActiveCfg = Release|x64
		{3420131E-94F8-4F9C-B41B-F915AAFED7AC}.Release|x64.Build.0 = Release|x64
		{3420131E-94F8-4F9C-B41B-F915AAFED7AC}.Release|x86.ActiveCfg = Release|Win32
		{3420131E-94F8-4F9C-B41B-F915AAFED7AC}.Release|x86.Build.0 = Release|Win32
		{B66DA8E1-EBCF-400D-AE9B-09BEA8D13DFB}.Debug|x64.ActiveCfg = Debug|x64
		{B66DA8E1-EBCF-400D-AE9B-09BEA8D13DFB}.Debug|x64.Build.0 = Debug|x64
		{B66DA8E1-EBCF-400D-AE9B-09BEA8D13DFB}.Debug|x86.ActiveCfg = Debug|Win32
		{B66DA8E1-EBCF-400D-AE9B-09BEA8D13DFB}.Debug|x86.Build.0 = Debug|Win32
		{B66DA8E1-EBCF-400D-AE9B-09BEA8D13DFB}.Release|x64.ActiveCfg = Release|x64
		{B66DA8E1-EBCF-400D-AE9B-09BEA8D13DFB}.Release|x64.Build.0 = Release|x64
		{B66DA8E1-EBCF-400D-AE9B-09BEA8D13DFB}.Release|x86.ActiveCfg = Release|Win32
		{B66DA8E1-EBCF-400D-AE9B-09BEA8D13DFB}.Release|x86.Build.0 = Release|Win32
		{F26E758C-809F-456D-9FCE-99E6E4C8F510}.Debug|x64.ActiveCfg = Debug|x64
		{F26E758C-809F-456D-9FCE-99E6E4C8F510}.Debug|x64.Build.0 = Debug|x64
		{F26E758C-809F-456D-9FCE-99E6E4C8F510}.Debug|x86.ActiveCfg = Debug|Win32
		{F26E758C-809F-456D-9FCE-99E6E4C8F510}.Debug|x86.Build.0 = Debug|Win32
		{F26E758C-809F-456D-9FCE-99E6E4C8F510}.Release|x64.ActiveCfg = Release|x64
		{F26E758C-809F-456D-9FCE-99E6E4C8F510}.Release|x64.Build.0 = Release|x64
		{F26E758C-809F-456D-9FCE-99E6E4C8F510}.Release|x86.ActiveCfg = Release|Win32
		{F26E758C-809F-456D-9FCE-99E6E4C8F510}.Release|x86.Build.0 = Release|Win32
		{ECC70A39-1E65-4984-B0B9-B1657BCDB32D}.Debug|x64.ActiveCfg = Debug|x64
		{ECC70A39-1E65-4984-B0B9-B1657BCDB32D}.Debug|x64.Build.0 = Debug|x64
		{ECC70A39-1E65-4984-B0B9-B1657BCDB32D}.Debug|x86.ActiveCfg = Debug|Win32
		{ECC70A39-1E65-4984-B0B9-B1657BCDB32D}.Debug|x86.Build.0 = Debug|Win32
		{ECC70A39-1E65-4984-B0B9-B1657BCDB32D}.Release|x64.ActiveCfg = Release|x64
		{ECC70A39-1E65-4984-B0B9-B1657BCDB32D}.Release|x64.Build.0 = Release|x64
		{ECC70A39-1E65-4984-B0B9-B1657BCDB32D}.Release|x86.ActiveCfg = Release|Win32
		{ECC70A39-1E65-4984-B0B9-B1657BCDB32D}.Release|x86.Build.0 = Release|Win32
		{AF226A4C-0BB6-44CB-AB8E-ABBCB2AF1846}.Debug|x64.ActiveCfg = Debug|x64
		{AF226A4C-0BB6-44CB-AB8E-ABBCB2AF1846}.Debug|x64.Build.0 = Debug|x64
		{AF226A4C-0BB6-44CB-AB8E-ABBCB2AF1846}.Debug|x86.ActiveCfg = Debug|Win32
		{AF226A4C-0BB6-44CB-AB8E-ABBCB2AF1846}.Debug|x86.Build.0 = Debug|Win32
		{AF226A4C-0BB6-44CB-AB8E-ABBCB2AF1846}.Release|x64.ActiveCfg = Release|x64
		{AF226A4C-0BB6-44CB-AB8E-ABBCB2AF1846}.Release|x64.Build.0 = Release|x64
		{AF226A4C-0BB6-44CB-AB8E-ABBCB2AF1846}.Release|x86.ActiveCfg = Release|Win32
		{AF226A4C-0BB6-44CB-AB8E-ABBCB2AF1846}.Release|x86.Build.0 = Release|Win32
		{7D329A77-AEDE-43DA-B5E7-0FB83CEF126C}.Debug|x64.ActiveCfg = Debug|x64
		{7D329A77-AEDE-43DA-B5E7-0FB83CEF126C}.Debug|x64.Build.0 = Debug|x64
		{7D329A77-AEDE-43DA-B5E7-0FB83CEF126C}.Debug|x86.ActiveCfg = Debug|Win32
		{7D329A77-AEDE-43DA-B5E7-0FB83CEF126C}.Debug|x86.Build.0 = Debug|Win32
		{7D329A77-AEDE-43DA-B5E7-0FB83CEF126C}.Release|x64.ActiveCfg = Release|x64
		{7D329A77-AEDE-43DA-B5E7-0FB83CEF126C}.Release|x64.Build.0 = Release|x64
		{7D329A77-AEDE-43DA-B5E7-0FB83CEF126C}.Release|x86.ActiveCfg = Release|Win32
		{7D329A77-AEDE-43DA-B5E7-0FB83CEF126C}.Release|x86.Build.0 = Release|Win32
		{C9167E6F-1B5E-47A4-BE3A-83F594FFF2F6}.Debug|x64.ActiveCfg = Debug|x64
		{C9167E6F-1B5E-47A4-BE3A-83F594FFF2F6}.Debug|x64.Build.0 = Debug|x64
		{C9167E6F-1B5E-47A4-BE3A-83F594FFF2F6}.Debug|x86.ActiveCfg = Debug|Win32
		{C9167E6F-1B5E-47A4-BE3A-83F594FFF2F6}.Debug|x86.Build.0 = Debug|Win32
		{C9167E6F-1B5E-47A4-BE3A-83F594FFF2F6}.Release|x64.ActiveCfg = Release|x64
		{C9167E6F-1B5E-47A4-BE3A-83F594FFF2F6}.Release|x64.Build.0 = Release|x64
		{C9167E6F-1B5E-47A4-BE3A-83F594FFF2F6}.Release|x86.ActiveCfg = Release|Win32
		{C9167E6F-1B5E-47A4-BE3A-83F594FFF2F6}.Release|x86.Build.0 = Release|Win32
		{4D97772E-0A7D-4FD3-A10F-4800B34CBC73}.Debug|x64.ActiveCfg = Debug|x64
		{4D97772E-0A7D-4FD3-A10F-4800B34CBC73}.Debug|x64.Build.0 = Debug|x64
		{4D97772E-0A7D-4FD3-A10F-4800B34CBC73}.Debug|x86.ActiveCfg = Debug|Win32
		{4D97772E-0A7D-4FD3-A10F-4800B34CBC73}.Debug|x86.Build.0 = Debug|Win32
		{4D97772E-0A7D-4FD3-A10F-4800B34CBC73}.Release|x64.ActiveCfg = Release|x64
		{4D97772E-0A7D-4FD3-A10F-4800B34CBC73}.Release|x64.Build.0 = Release|x64
		{4D97772E-0A7D-4FD3-A10F-4800B34CBC73}.Release|x86.ActiveCfg = Release|Win32
		{4D97772E-0A7D-4FD3-A10F-4800B34CBC73}.Release|x86.Build.0 = Release|Win32
		{12A7E520-7C23-4062-8EED-BCFFB4D4DACF}.Debug|x64.ActiveCfg = Debug|x64
		{12A7E520-7C23-4062-8EED-BCFFB4D4DACF}.Debug|x64.Build.0 = Debug|x64
		{12A7E520-7C23-4062-8EED-BCFFB4D4DACF}.Debug|x86.ActiveCfg = Debug|Win32
		{12A7E520-7C23-4062-8EED-BCFFB4D4DACF}.Debug|x86.Build.0 = Debug|Win32
		{12A7E520-7C23-4062-8EED-BCFFB4D4DACF}.Release|x64.ActiveCfg = Release|x64
		{12A7E520-7C23-4062-8EED-BCFFB4D4DACF}.Release|x64.Build.0 = Release|x64
		{12A7E520-7C23-4062-8EED-BCFFB4D4DACF}.Release|x86.ActiveCfg = Release|Win32
		{12A7E520-7C23-4062-8EED-BCFFB4D4DACF}.Release|x86.Build.0 = Release|Win32
		{19E157F3-A8C9-449A-A4FF-F00E3D09FC0F}.Debug|x64.ActiveCfg = Debug|x64
		{19E157F3-A8C9-449A-A4FF-F00E3D09FC0F}.Debug|x64.Build.0 = Debug|x64
		{19E157F3-A8C9-449A-A4FF-F00E3D09FC0F}.Debug|x86.ActiveCfg = Debug|Win32
		{19E157F3-A8C9-449A-A4FF-F00E3D09FC0F}.Debug|x86.Build.0 = Debug|Win32
		{19E157F3-A8C9-449A-A4FF-F00E3D09FC0F}.Release|x64.ActiveCfg = Release|x64
		{19E157F3-A8C9-449A-A4FF-F00E3D09FC0F}.Release|x64.Build.0 = Release|x64
		{19E157F3-A8C9-449A-A4FF-F00E3D09FC0F}.Release|x86.ActiveCfg = Release|Win32
		{19E157F3-A8C9-449A-A4FF-F00E3D09FC0F}.Release|x86.Build.0 = Release|Win32
		{1A481243-A162-4ED0-A308-0B0AF67E5030}.Debug|x64.ActiveCfg = Debug|x64
		{1A481243-A162-4ED0-A308-0B0AF67E5030}.Debug|x64.Build.0 = Debug|x64
		{1A481243-A162-4ED0-A308-0B0AF67E5030}.Debug|x86.ActiveCfg = Debug|Win32
		{1A481243-A162-4ED0-A308-0B0AF67E5030}.Debug|x86.Build.0 = Debug|Win32
		{1A481243-A162-4ED0-A308-0B0AF67E5030}.Release|x64.ActiveCfg = Release|x64
		{1A481243-A162-4ED0-A308-0B0AF67E5030}.Release|x64.Build.0 = Release|x64
		{1A481243-A162-4ED0-A308-0B0AF67E5030}.Release|x86.ActiveCfg = Release|Win32
		{1A481243-A162-4ED0-A308-0B0AF67E5030}.Release|x86.Build.0 = Release|Win32
		{123A4556-137E-42CF-9AB7-BE3FE6A058CB}.Debug|x64.ActiveCfg = Debug|x64
		{123A4556-137E-42CF-9AB7-BE3FE6A058CB}.Debug|x64.Build.0 = Debug|x64
		{123A4556-137E-42CF-9AB7-BE3FE6A058CB}.Debug|x86.ActiveCfg = Debug|Win32
		{123A4556-137E-42CF-9AB7-BE3FE6A058CB}.Debug|x86.Build.0 = Debug|Win32
		{123A4556-137E-42CF-9AB7-BE3FE6A058CB}.Release|x64.ActiveCfg = Release|x64
		{123A4556-137E-42CF-9AB7-BE3FE6A058CB}.Release|x64.Build.0 = Release|x64
		{123A4556-137E-42CF-9AB7-BE3FE6A058CB}.Release|x86.ActiveCfg = Release|Win32
		{123A4556-137E-42CF-9AB7-BE3FE6A058CB}.Release|x86.Build.0 = Release|Win32
		{11F6D853-05FF-44BA-A681-BD0FBEC730D9}.Debug|x64.ActiveCfg = Debug|x64
		{11F6D853-05FF-44BA-A681-BD0FBEC730D9}.Debug|x64.Build.0 = Debug|x64
		{11F6D853-05FF-44BA-A681-BD0FBEC730D9}.Debug|x86.ActiveCfg = Debug|Win32
		{11F6D853-05FF-44BA-A681-BD0FBEC730D9}.Debug|x86.Build.0 = Debug|Win32
		{11F6D853-05FF-44BA-A681-BD0FBEC730D9}.Release|x64.ActiveCfg = Release|x64
		{11F6D853-05FF-44BA-A681-BD0FBEC730D9}.Release|x64.Build.0 = Release|x64
		{11F6D853-05FF-44BA-A681-BD0FBEC730D9}.Release|x86.ActiveCfg = Release|Win32
		{11F6D853-05FF-44BA-A681-BD0FBEC730D9}.Release|x86.Build.0 = Release|Win32
		{B2182B1C-2B91-4A96-AA0E-8EAD742FF34F}.Debug|x64.ActiveCfg = Debug|x64
		{B2182B1C-2B91-4A96-AA0E-8EAD742FF34F}.Debug|x64.Build.0 = Debug|x64
		{B2182B1C-2B91-4A96-AA0E-8EAD742FF34F}.Debug|x86.ActiveCfg = Debug|Win32
		{B2182B1C-2B91-4A96-AA0E-8EAD742FF34F}.Debug|x86.Build.0 = Debug|Win32
		{B2182B1C-2B91-4A96-AA0E-8EAD742FF34F}.Release|x64.ActiveCfg = Release|x64
		{B2182B1C-2B91-4A96-AA0E-8EAD742FF34F}.Release|x64.Build.0 = Release|x64
		{B2182B1C-2B91-4A96-AA0E-8EAD742FF34F}.Release|x86.ActiveCfg = Release|Win32
		{B2182B1C-2B91-4A96-AA0E-8EAD742FF34F}.Release|x86.Build.0 = Release|Win32
		{40D589BF-3C51-4DAA-8CF5-A8ACB02EECF4}.Debug|x64.ActiveCfg = Debug|x64
		{40D589BF-3C51-4DAA-8CF5-A8ACB02EECF4}.Debug|x64.Build.0 = Debug|x64
		{40D589BF-3C51-4DAA-8CF5-A8ACB02EECF4}.Debug|x86.ActiveCfg = Debug|Win32
		{40D589BF-3C51-4DAA-8CF5-A8ACB02EECF4}.Debug|x86.Build.0 = Debug|Win32
		{40D589BF-3C51-4DAA-8CF5-A8ACB02EECF4}.Release|x64.ActiveCfg = Release|x64
		{40D589BF-3C51-4DAA-8CF5-A8ACB02EECF4}.Release|x64.Build.0 = Release|x64
		{40D589BF-3C51-4DAA-8CF5-A8ACB02EECF4}.Release|x86.ActiveCfg = Release|Win32
		{40D589BF-3C51-4DAA-8CF5-A8ACB02EECF4}.Release|x86.Build.0 = Release|Win32
		{DB2FCDF0-986E-4F08-B714-A42B6E9F7D47}.Debug|x64.ActiveCfg = Debug|x64
		{DB2FCDF0-986E-4F08-B714-A42B6E9F7D47}.Debug|x64.Build.0 = Debug|x64
		{DB2FCDF0-986E-4F08-B714-A42B6E9F7D47}.Debug|x86.ActiveCfg = Debug|Win32
		{DB2FCDF0-986E-4F08-B714-A42B6E9F7D47}.Debug|x86.Build.0 = Debug|Win32
		{DB2FCDF0-986E-4F08-B714-A42B6E9F7D47}.Release|x64.ActiveCfg = Release|x64
		{DB2FCDF0-986E-4F08-B714-A42B6E9F7D47}.Release|x64.Build.0 = Release|x64
		{DB2FCDF0-986E-4F08-B714-A42B6E9F7D47}.Release|x86.ActiveCfg = Release|Win32
		{DB2FCDF0-986E-4F08-B714-A42B6E9F7D47}.Release|x86.Build.0 = Release|Win32
		{EF21AE04-4A86-42F6-ABAB-19E02B0E9C4F}.Debug|x64.ActiveCfg = Debug|x64
		{EF21AE04-4A86-42F6-ABAB-19E02B0E9C4F}.Debug|x64.Build.0 = Debug|x64
		{EF21AE04-4A86-42F6-ABAB-19E02B0E9C4F}.Debug|x86.ActiveCfg = Debug|Win32
		{EF21AE04-4A86-42F6-ABAB-19E02B0E9C4F}.Debug|x86.Build.0 = Debug|Win32
		{EF21AE04-4A86-42F6-ABAB-19E02B0E9C4F}.Release|x64.ActiveCfg = Release|x64
		{EF21AE04-4A86-42F6-ABAB-19E02B0E9C4F}.Release|x64.Build.0 = Release|x64
		{EF21AE04-4A86-42F6-ABAB-19E02B0E9C4F}.Release|x86.ActiveCfg = Release|Win32
		{EF21AE04-4A86-42F6-ABAB-19E02B0E9C4F}.Release|x86.Build.0 = Release|Win32
		{7971750D-E408-412F-B0D3-EC32620ABADC}.Debug|x64.ActiveCfg = Debug|x64
		{7971750D-E408-412F-B0D3-EC32620ABADC}.Debug|x64.Build.0 = Debug|x64
		{7971750D-E408-412F-B0D3-EC32620ABADC}.Debug|x86.ActiveCfg = Debug|Win32
		{7971750D-E408-412F-B0D3-EC32620ABADC}.Debug|x86.Build.0 = Debug|Win32
		{7971750D-E408-412F-B0D3-EC32620ABADC}.Release|x64.ActiveCfg = Release|x64
		{7971750D-E408-412F-B0D3-EC32620ABADC}.Release|x64.Build.0 = Release|x64
		{7971750D-E408-412F-B0D3-EC32620ABADC}.Release|x86.ActiveCfg = Release|Win32
		{7971750D-E408-412F-B0D3-EC32620ABADC}.Release|x86.Build.0 = Release|Win32
		{882D2E9E-5AE6-4F46-8FCD-073CC19D6CC9}.Debug|x64.ActiveCfg = Debug|x64
		{882D2E9E-5AE6-4F46-8FCD-073CC19D6CC9}.Debug|x64.Build.0 = Debug|x64
		{882D2E9E-5AE6-4F46-8FCD-073CC19D6CC9}.Debug|x86.ActiveCfg = Debug|Win32
		{882D2E9E-5AE6-4F46-8FCD-073CC19D6CC9}.Debug|x86.Build.0 = Debug|Win32
		{882D2E9E-5AE6-4F46-8FCD-073CC19D6CC9}.Release|x64.ActiveCfg = Release|x64
		{882D2E9E-5AE6-4F46-8FCD-073CC19D6CC9}.Release|x64.Build.0 = Release|x64
		{882D2E9E-5AE6-4F46-8FCD-073CC19D6CC9}.Release|x86.ActiveCfg = Release|Win32
		{882D2E9E-5AE6-4F46-8FCD-073CC19D6CC9}.Release|x86.Build.0 = Release|Win32
		{2DB181CF-AA36-4FF1-BB37-1EC13B209837}.Debug|x64.ActiveCfg = Debug|x64
		{2DB181CF-AA36-4FF1-BB37-1EC13B209837}.Debug|x64.Build.0 = Debug|x64
		{2DB181CF-AA36-4FF1-BB37-1EC13B209837}.Debug|x86.ActiveCfg = Debug|Win32
		{2DB181CF-AA36-4FF1-BB37-1EC13B209837}.Debug|x86.Build.0 = Debug|Win32
		{2DB181CF-AA36-4FF1-BB37-1EC13B209837}.Release|x64.ActiveCfg = Release|x64
		{2DB181CF-AA36-4FF1-BB37-1EC13B209837}.Release|x64.Build.0 = Release|x64
		{2DB181CF-AA36-4FF1-BB37-1EC13B209837}.Release|x86.ActiveCfg = Release|Win32
		{2DB181CF-AA36-4FF1-BB37-1EC13B209837}.Release|x86.Build.0 = Release|Win32
		{B3922957-1FB9-44D6-9E60-89A2B207C438}.Debug|x64.ActiveCfg = Debug|x64
		{B3922957-1FB9-44D6-9E60-89A2B207C438}.Debug|x64.Build.0 = Debug|x64
		{B3922957-1FB9-44D6-9E60-89A2B207C438}.Debug|x86.ActiveCfg = Debug|Win32
		{B3922957-1FB9-44D6-9E60-89A2B207C438}.Debug|x86.Build.0 = Debug|Win32
		{B3922957-1FB9-44D6-9E60-89A2B207C438}.Release|x64.ActiveCfg = Release|x64
		{B3922957-1FB9-44D6-9E60-89A2B207C438}.Release|x64.Build.0 = Release|x64
		{B3922957-1FB9-44D6-9E60-89A2B207C438}.Release|x86.ActiveCfg = Release|Win32
		{B3922957-1FB9-44D6-9E60-89A2B207C438}.Release|x86.Build.0 = Release|Win32
		{4B39950A-60B8-48E6-95D1-577635827130}.Debug|x64.ActiveCfg = Debug|x64
		{4B39950A-60B8-48E6-95D1-577635827130}.Debug|x64.Build.0 = Debug|x64
		{4B39950A-60B8-48E6-95D1-577635827130}.Debug|x86.ActiveCfg = Debug|Win32
		{4B39950A-60B8-48E6-95D1-577635827130}.Debug|x86.Build.0 = Debug|Win32
		{4B39950A-60B8-48E6-95D1-577635827130}.Release|x64.ActiveCfg = Release|x64
		{4B39950A-60B8-48E6-95D1-577635827130}.Release|x64.Build.0 = Release|x64
		{4B39950A-60B8-48E6-95D1-577635827130}.Release|x86.ActiveCfg = Release|Win32
		{4B39950A-60B8-48E6-95D1-577635827130}.Release|x86.Build.0 = Release|Win32
	EndGlobalSection
	GlobalSection(SolutionProperties) = preSolution
		HideSolutionNode = FALSE
	EndGlobalSection
	GlobalSection(NestedProjects) = preSolution
		{B429A7D6-C8B5-48D2-8AC1-46394545FB7D} = {0B0C880D-F86B-4981-BA70-0033F9118617}
		{DB5959E5-F800-41C6-9EA4-93463AD932EC} = {0B0C880D-F86B-4981-BA70-0033F9118617}
		{850A7DFF-7AD8-4331-8FC1-2A51B76526F7} = {8F868263-FFF8-41ED-B9AD-B67C8CD354CE}
		{FF82D08D-5D07-4736-9297-047D76861C79} = {8F868263-FFF8-41ED-B9AD-B67C8CD354CE}
		{237B87BA-60B7-4C55-8FFF-A6BA8225EAF1} = {63A2D192-E84C-4C62-B703-F97A849CB1C9}
		{D97BE557-2A70-4DD5-9F8E-F3955B97AB06} = {521A7DFE-2986-4420-B75F-52D576E10704}
		{F39DA296-9533-4C62-A115-053CDEC60B64} = {521A7DFE-2986-4420-B75F-52D576E10704}
		{85529E18-E0C0-4F3C-B4C5-BF6648364AF0} = {63A2D192-E84C-4C62-B703-F97A849CB1C9}
		{3091929E-7B57-447C-83A9-430ADCE2EF0D} = {63A2D192-E84C-4C62-B703-F97A849CB1C9}
		{CF635F1C-2A65-473C-96FD-98566D388E67} = {521A7DFE-2986-4420-B75F-52D576E10704}
		{A9B785C6-1AFF-4745-B503-49F19B4A0AD1} = {521A7DFE-2986-4420-B75F-52D576E10704}
		{F160A648-B8E4-4C78-8366-B644FB877BF7} = {0B0C880D-F86B-4981-BA70-0033F9118617}
		{E4538ECD-6B0C-42FC-8EAA-9487622D1680} = {A61D38E2-2881-471B-A5DE-410C870A9366}
		{5540878C-8084-4814-A982-5839936A4E7E} = {0B0C880D-F86B-4981-BA70-0033F9118617}
		{B7BE0A4B-ADD9-491F-BF7A-F4A794981C45} = {A61D38E2-2881-471B-A5DE-410C870A9366}
		{0AB74B37-20A5-4A7C-BDF6-7790C03D4FD7} = {0B0C880D-F86B-4981-BA70-0033F9118617}
		{04DD9EA9-860F-4414-8F7A-33F9B27128D4} = {A61D38E2-2881-471B-A5DE-410C870A9366}
		{76781D7A-51CD-4BDB-B9B3-995D590CE246} = {3C118E66-F41D-4ED1-AA65-E5E00BCE1135}
		{89BC96B6-52AF-458D-8958-C6C195BABD3C} = {0B0C880D-F86B-4981-BA70-0033F9118617}
		{AF4FBEA9-F473-4ED8-AC35-D290B575A3C7} = {C2E23973-D458-4AF5-8EDE-ED228A295995}
		{BDFB6877-2C06-4422-81F0-F997AEB1B6ED} = {A61D38E2-2881-471B-A5DE-410C870A9366}
		{96C8B867-1502-4D69-9549-B328E66C76F5} = {6B74DA15-6DA6-4CAF-8B86-AC2E63EAA012}
		{21F35B15-DAEF-4957-A816-35E4301E3EEB} = {6B74DA15-6DA6-4CAF-8B86-AC2E63EAA012}
		{5258E82E-E112-44F3-94D6-D2232E3DDB38} = {7AFE0A28-D459-4B19-8323-0F268FE468BD}
		{262C2DE5-3519-4146-A4C1-645197A0799D} = {7AFE0A28-D459-4B19-8323-0F268FE468BD}
		{7AFE0A28-D459-4B19-8323-0F268FE468BD} = {D246570D-EB72-421F-B9AC-C7BE813A692D}
		{6DE43353-C138-4461-AFC3-E399F42DC3D2} = {6B74DA15-6DA6-4CAF-8B86-AC2E63EAA012}
		{87F7EAA9-502F-4393-94D6-DCD8E47AF767} = {6B74DA15-6DA6-4CAF-8B86-AC2E63EAA012}
		{F0533929-E1AE-4B47-B0C9-A31F63B53F2D} = {A61D38E2-2881-471B-A5DE-410C870A9366}
		{68490D71-5624-49AE-B9B8-962636167A45} = {D246570D-EB72-421F-B9AC-C7BE813A692D}
		{D4D9CBB7-737F-45EA-91AF-FBCDEC402929} = {68490D71-5624-49AE-B9B8-962636167A45}
		{41AF6C87-948B-4EB1-B09B-6B1C8F39ABF4} = {6B74DA15-6DA6-4CAF-8B86-AC2E63EAA012}
		{41944A27-BB67-4001-B41E-8BBAE79BC893} = {6B74DA15-6DA6-4CAF-8B86-AC2E63EAA012}
		{9BE6902B-A204-42D2-BED4-B535D7D952A8} = {6B74DA15-6DA6-4CAF-8B86-AC2E63EAA012}
		{B368869F-96FD-4EC3-A35C-1C0C40EE6CCD} = {6B74DA15-6DA6-4CAF-8B86-AC2E63EAA012}
		{BDAFDA78-B032-4F0D-8359-9D21A018F4DD} = {6B74DA15-6DA6-4CAF-8B86-AC2E63EAA012}
		{D0C12252-B7DB-40BA-9A2E-CABA37FD22B3} = {6B74DA15-6DA6-4CAF-8B86-AC2E63EAA012}
		{F155BB33-9705-4F40-A8FB-322E29EE4421} = {717AF60D-E42E-45B8-B531-B41580369ABF}
		{A0FC88BA-F308-451E-8070-BA46D8412CB5} = {6B74DA15-6DA6-4CAF-8B86-AC2E63EAA012}
		{25D45311-F09E-437D-879D-3686D8A2F23D} = {717AF60D-E42E-45B8-B531-B41580369ABF}
		{4600D988-9322-4F35-9047-BFFB46ED9765} = {6B74DA15-6DA6-4CAF-8B86-AC2E63EAA012}
		{01907219-AB87-4760-8DD9-232FAA12E0EF} = {6B74DA15-6DA6-4CAF-8B86-AC2E63EAA012}
		{83C8E661-3E94-46F4-B031-3D4116F5CD4C} = {6B74DA15-6DA6-4CAF-8B86-AC2E63EAA012}
		{635EDA1D-FFB6-46F4-9C47-9F6F226E34F5} = {6B74DA15-6DA6-4CAF-8B86-AC2E63EAA012}
		{F35C4D8E-670E-417B-BF08-8720603F5601} = {0B0C880D-F86B-4981-BA70-0033F9118617}
		{1E738F8E-5869-48D1-9993-4479FB6F350C} = {0B0C880D-F86B-4981-BA70-0033F9118617}
		{F71244F1-A0A8-418E-868C-760A4F5E6419} = {6B74DA15-6DA6-4CAF-8B86-AC2E63EAA012}
		{C5377C98-BAA4-42B3-8F9C-A6400462F9A9} = {6B74DA15-6DA6-4CAF-8B86-AC2E63EAA012}
		{821B67D1-8942-457D-BE2A-FF93F924D09F} = {6B74DA15-6DA6-4CAF-8B86-AC2E63EAA012}
		{4AA84ECE-6B5A-4B3B-A8D1-9FC73E9055E7} = {6B74DA15-6DA6-4CAF-8B86-AC2E63EAA012}
		{BBC9BBC1-A9D6-4048-8E49-1EB649FB1EE5} = {A61D38E2-2881-471B-A5DE-410C870A9366}
		{EAE72D28-573F-41A9-809F-B7F19A52B9BA} = {0B0C880D-F86B-4981-BA70-0033F9118617}
		{BCD32D88-06FF-49BE-A245-8575D3C89B2B} = {0B0C880D-F86B-4981-BA70-0033F9118617}
		{A5FD0E64-2BEB-47B4-8D85-7E4364B4A090} = {0B0C880D-F86B-4981-BA70-0033F9118617}
		{971E5BF7-BC07-43FD-AE5B-0F888918FB77} = {0B0C880D-F86B-4981-BA70-0033F9118617}
		{2FA21190-35AC-4962-A0E1-89C386A4A96A} = {0B0C880D-F86B-4981-BA70-0033F9118617}
		{3174A4F4-40AA-46AE-B23A-7E383410148C} = {0B0C880D-F86B-4981-BA70-0033F9118617}
		{57ECB067-3A4F-4D3B-8AD0-9356CB82525C} = {0B0C880D-F86B-4981-BA70-0033F9118617}
		{75FEF773-27B0-400D-85D1-87645168BB35} = {0B0C880D-F86B-4981-BA70-0033F9118617}
		{9137035F-E7D5-48C4-8AC5-5BDA366681FD} = {0B0C880D-F86B-4981-BA70-0033F9118617}
		{4EB17BE1-CC46-4D5F-8B10-B52153D33128} = {0B0C880D-F86B-4981-BA70-0033F9118617}
		{D41AFC4E-50B9-48C2-B29E-71D65305EC76} = {0B0C880D-F86B-4981-BA70-0033F9118617}
		{87746CFE-836B-4533-980A-A8396F4F22F0} = {0B0C880D-F86B-4981-BA70-0033F9118617}
		{B6B6ADE2-8703-40F3-B564-05DD743BA95B} = {717AF60D-E42E-45B8-B531-B41580369ABF}
		{164C7489-3380-4E14-A5F6-DCFD84282789} = {717AF60D-E42E-45B8-B531-B41580369ABF}
		{16729768-C1E1-45D8-AC85-08E8078E171C} = {0B0C880D-F86B-4981-BA70-0033F9118617}
		{3420131E-94F8-4F9C-B41B-F915AAFED7AC} = {0B0C880D-F86B-4981-BA70-0033F9118617}
		{B66DA8E1-EBCF-400D-AE9B-09BEA8D13DFB} = {0B0C880D-F86B-4981-BA70-0033F9118617}
		{F26E758C-809F-456D-9FCE-99E6E4C8F510} = {0B0C880D-F86B-4981-BA70-0033F9118617}
		{ECC70A39-1E65-4984-B0B9-B1657BCDB32D} = {0B0C880D-F86B-4981-BA70-0033F9118617}
		{AF226A4C-0BB6-44CB-AB8E-ABBCB2AF1846} = {717AF60D-E42E-45B8-B531-B41580369ABF}
		{7D329A77-AEDE-43DA-B5E7-0FB83CEF126C} = {717AF60D-E42E-45B8-B531-B41580369ABF}
		{C9167E6F-1B5E-47A4-BE3A-83F594FFF2F6} = {717AF60D-E42E-45B8-B531-B41580369ABF}
		{4D97772E-0A7D-4FD3-A10F-4800B34CBC73} = {717AF60D-E42E-45B8-B531-B41580369ABF}
		{12A7E520-7C23-4062-8EED-BCFFB4D4DACF} = {717AF60D-E42E-45B8-B531-B41580369ABF}
		{19E157F3-A8C9-449A-A4FF-F00E3D09FC0F} = {717AF60D-E42E-45B8-B531-B41580369ABF}
		{1A481243-A162-4ED0-A308-0B0AF67E5030} = {589A80EE-B073-418F-A16D-141F1FD61391}
		{123A4556-137E-42CF-9AB7-BE3FE6A058CB} = {717AF60D-E42E-45B8-B531-B41580369ABF}
		{11F6D853-05FF-44BA-A681-BD0FBEC730D9} = {FF9657C4-63ED-40E1-82B1-898D08CF553D}
		{B2182B1C-2B91-4A96-AA0E-8EAD742FF34F} = {717AF60D-E42E-45B8-B531-B41580369ABF}
		{40D589BF-3C51-4DAA-8CF5-A8ACB02EECF4} = {717AF60D-E42E-45B8-B531-B41580369ABF}
		{DB2FCDF0-986E-4F08-B714-A42B6E9F7D47} = {717AF60D-E42E-45B8-B531-B41580369ABF}
		{EF21AE04-4A86-42F6-ABAB-19E02B0E9C4F} = {717AF60D-E42E-45B8-B531-B41580369ABF}
		{7971750D-E408-412F-B0D3-EC32620ABADC} = {717AF60D-E42E-45B8-B531-B41580369ABF}
		{882D2E9E-5AE6-4F46-8FCD-073CC19D6CC9} = {717AF60D-E42E-45B8-B531-B41580369ABF}
		{2DB181CF-AA36-4FF1-BB37-1EC13B209837} = {717AF60D-E42E-45B8-B531-B41580369ABF}
		{B3922957-1FB9-44D6-9E60-89A2B207C438} = {717AF60D-E42E-45B8-B531-B41580369ABF}
		{4B39950A-60B8-48E6-95D1-577635827130} = {0B0C880D-F86B-4981-BA70-0033F9118617}
	EndGlobalSection
	GlobalSection(ExtensibilityGlobals) = postSolution
		SolutionGuid = {45228F56-851B-46C7-B776-EFCB23369CB8}
	EndGlobalSection
EndGlobal
